// !$*UTF8*$!
{
	archiveVersion = 1;
	classes = {
	};
	objectVersion = 77;
	objects = {

/* Begin PBXBuildFile section */
		FD07E24C2D68B53500024B11 /* FitTransactionOverlay.swift in Sources */ = {isa = PBXBuildFile; fileRef = FD07E24B2D68B53500024B11 /* FitTransactionOverlay.swift */; };
		FD07E24E2D68B5BE00024B11 /* DayOverview.swift in Sources */ = {isa = PBXBuildFile; fileRef = FD07E24D2D68B5BE00024B11 /* DayOverview.swift */; };
		FD292E3B2C9B6318003C18D2 /* Algorithms in Frameworks */ = {isa = PBXBuildFile; productRef = FD292E3A2C9B6318003C18D2 /* Algorithms */; };
		FD6D7EEC2D667CB50026D39D /* WidgetKit.framework in Frameworks */ = {isa = PBXBuildFile; fileRef = FD6D7ECA2D667B4A0026D39D /* WidgetKit.framework */; };
		FD6D7EED2D667CB50026D39D /* SwiftUI.framework in Frameworks */ = {isa = PBXBuildFile; fileRef = FD6D7ECC2D667B4A0026D39D /* SwiftUI.framework */; };
		FD6D7EFA2D667CB60026D39D /* DailyWidgetExtension.appex in Embed Foundation Extensions */ = {isa = PBXBuildFile; fileRef = FD6D7EEB2D667CB50026D39D /* DailyWidgetExtension.appex */; platformFilter = ios; settings = {ATTRIBUTES = (RemoveHeadersOnCopy, ); }; };
		FD6D7F012D6682AB0026D39D /* NewTransactionAppIntent.swift in Sources */ = {isa = PBXBuildFile; fileRef = FD6D7F002D6682AB0026D39D /* NewTransactionAppIntent.swift */; };
		FD6D7F032D66CD0A0026D39D /* CBFitTransaction.swift in Sources */ = {isa = PBXBuildFile; fileRef = FD6D7F022D66CD0A0026D39D /* CBFitTransaction.swift */; };
		FDA579392C9E6FA9004E9B60 /* PersistentModel.xcdatamodeld in Sources */ = {isa = PBXBuildFile; fileRef = FDA579372C9E6FA9004E9B60 /* PersistentModel.xcdatamodeld */; };
		FDB066D12D4D40C40060568B /* UIDatePicker.swift in Sources */ = {isa = PBXBuildFile; fileRef = FDB066D02D4D40C40060568B /* UIDatePicker.swift */; };
		FDC26E112D3E86D500B0A97C /* DollarParticalEmitterView.swift in Sources */ = {isa = PBXBuildFile; fileRef = FDC26DB92D3E86D500B0A97C /* DollarParticalEmitterView.swift */; };
		FDC26E122D3E86D500B0A97C /* RootViewMac.swift in Sources */ = {isa = PBXBuildFile; fileRef = FDC26DF42D3E86D500B0A97C /* RootViewMac.swift */; };
		FDC26E132D3E86D500B0A97C /* CBBudget.swift in Sources */ = {isa = PBXBuildFile; fileRef = FDC26DA32D3E86D500B0A97C /* CBBudget.swift */; };
		FDC26E142D3E86D500B0A97C /* KeywordsTable.swift in Sources */ = {isa = PBXBuildFile; fileRef = FDC26DC72D3E86D500B0A97C /* KeywordsTable.swift */; };
		FDC26E152D3E86D500B0A97C /* Modifiers.swift in Sources */ = {isa = PBXBuildFile; fileRef = FDC26DD52D3E86D500B0A97C /* Modifiers.swift */; };
		FDC26E162D3E86D500B0A97C /* MultiMonthSheet.swift in Sources */ = {isa = PBXBuildFile; fileRef = FDC26DD72D3E86D500B0A97C /* MultiMonthSheet.swift */; };
		FDC26E172D3E86D500B0A97C /* PayMethodModel.swift in Sources */ = {isa = PBXBuildFile; fileRef = FDC26DE42D3E86D500B0A97C /* PayMethodModel.swift */; };
		FDC26E182D3E86D500B0A97C /* PreferenceKeys.swift in Sources */ = {isa = PBXBuildFile; fileRef = FDC26DE82D3E86D500B0A97C /* PreferenceKeys.swift */; };
		FDC26E192D3E86D500B0A97C /* AppDelegate.swift in Sources */ = {isa = PBXBuildFile; fileRef = FDC26D8D2D3E86D500B0A97C /* AppDelegate.swift */; };
		FDC26E1A2D3E86D500B0A97C /* LabeledRow.swift in Sources */ = {isa = PBXBuildFile; fileRef = FDC26DC92D3E86D500B0A97C /* LabeledRow.swift */; };
		FDC26E1B2D3E86D500B0A97C /* Keys.swift in Sources */ = {isa = PBXBuildFile; fileRef = FDC26DC52D3E86D500B0A97C /* Keys.swift */; };
		FDC26E1C2D3E86D500B0A97C /* LoadingManager.swift in Sources */ = {isa = PBXBuildFile; fileRef = FDC26DCD2D3E86D500B0A97C /* LoadingManager.swift */; };
		FDC26E1D2D3E86D500B0A97C /* TagView.swift in Sources */ = {isa = PBXBuildFile; fileRef = FDC26E032D3E86D500B0A97C /* TagView.swift */; };
		FDC26E1E2D3E86D500B0A97C /* MultiYearSheet.swift in Sources */ = {isa = PBXBuildFile; fileRef = FDC26DD92D3E86D500B0A97C /* MultiYearSheet.swift */; };
		FDC26E1F2D3E86D500B0A97C /* CBMonth.swift in Sources */ = {isa = PBXBuildFile; fileRef = FDC26DA82D3E86D500B0A97C /* CBMonth.swift */; };
		FDC26E202D3E86D500B0A97C /* TransactionEditView.swift in Sources */ = {isa = PBXBuildFile; fileRef = FDC26E0C2D3E86D500B0A97C /* TransactionEditView.swift */; };
		FDC26E212D3E86D500B0A97C /* RepeatingTransactionModel.swift in Sources */ = {isa = PBXBuildFile; fileRef = FDC26DEC2D3E86D500B0A97C /* RepeatingTransactionModel.swift */; };
		FDC26E222D3E86D500B0A97C /* RepeatingTransactionView.swift in Sources */ = {isa = PBXBuildFile; fileRef = FDC26DEE2D3E86D500B0A97C /* RepeatingTransactionView.swift */; };
		FDC26E232D3E86D500B0A97C /* CameraView.swift in Sources */ = {isa = PBXBuildFile; fileRef = FDC26D9B2D3E86D500B0A97C /* CameraView.swift */; };
		FDC26E242D3E86D500B0A97C /* NotificationToken.swift in Sources */ = {isa = PBXBuildFile; fileRef = FDC26DE02D3E86D500B0A97C /* NotificationToken.swift */; };
		FDC26E252D3E86D500B0A97C /* CategorySheetButton.swift in Sources */ = {isa = PBXBuildFile; fileRef = FDC26DA12D3E86D500B0A97C /* CategorySheetButton.swift */; };
		FDC26E262D3E86D500B0A97C /* NetworkManager.swift in Sources */ = {isa = PBXBuildFile; fileRef = FDC26DDE2D3E86D500B0A97C /* NetworkManager.swift */; };
		FDC26E272D3E86D500B0A97C /* SettingsView.swift in Sources */ = {isa = PBXBuildFile; fileRef = FDC26DF82D3E86D500B0A97C /* SettingsView.swift */; };
		FDC26E282D3E86D500B0A97C /* PaymentMethodSheet.swift in Sources */ = {isa = PBXBuildFile; fileRef = FDC26DE22D3E86D500B0A97C /* PaymentMethodSheet.swift */; };
		FDC26E292D3E86D500B0A97C /* LogManager.swift in Sources */ = {isa = PBXBuildFile; fileRef = FDC26DCF2D3E86D500B0A97C /* LogManager.swift */; };
		FDC26E2A2D3E86D500B0A97C /* SFSafariView.swift in Sources */ = {isa = PBXBuildFile; fileRef = FDC26DFA2D3E86D500B0A97C /* SFSafariView.swift */; };
		FDC26E2C2D3E86D500B0A97C /* ToolbarRefreshButton.swift in Sources */ = {isa = PBXBuildFile; fileRef = FDC26E092D3E86D500B0A97C /* ToolbarRefreshButton.swift */; };
		FDC26E2E2D3E86D500B0A97C /* ReminderCreator.swift in Sources */ = {isa = PBXBuildFile; fileRef = FDC26DEA2D3E86D500B0A97C /* ReminderCreator.swift */; };
		FDC26E2F2D3E86D500B0A97C /* CBPaymentMethod.swift in Sources */ = {isa = PBXBuildFile; fileRef = FDC26DA92D3E86D500B0A97C /* CBPaymentMethod.swift */; };
		FDC26E302D3E86D500B0A97C /* MakeItRainApp.swift in Sources */ = {isa = PBXBuildFile; fileRef = FDC26DD32D3E86D500B0A97C /* MakeItRainApp.swift */; };
		FDC26E312D3E86D500B0A97C /* AdvancedSearchView.swift in Sources */ = {isa = PBXBuildFile; fileRef = FDC26D8C2D3E86D500B0A97C /* AdvancedSearchView.swift */; };
		FDC26E322D3E86D500B0A97C /* ExcludeFromTotalsLine.swift in Sources */ = {isa = PBXBuildFile; fileRef = FDC26DBB2D3E86D500B0A97C /* ExcludeFromTotalsLine.swift */; };
		FDC26E332D3E86D500B0A97C /* AppState.swift in Sources */ = {isa = PBXBuildFile; fileRef = FDC26D8E2D3E86D500B0A97C /* AppState.swift */; };
		FDC26E342D3E86D500B0A97C /* TransferSheet.swift in Sources */ = {isa = PBXBuildFile; fileRef = FDC26E0E2D3E86D500B0A97C /* TransferSheet.swift */; };
		FDC26E352D3E86D500B0A97C /* AuthState.swift in Sources */ = {isa = PBXBuildFile; fileRef = FDC26D922D3E86D500B0A97C /* AuthState.swift */; };
		FDC26E362D3E86D500B0A97C /* SheetHeader.swift in Sources */ = {isa = PBXBuildFile; fileRef = FDC26DFB2D3E86D500B0A97C /* SheetHeader.swift */; };
		FDC26E372D3E86D500B0A97C /* DataManager.swift in Sources */ = {isa = PBXBuildFile; fileRef = FDC26DB42D3E86D500B0A97C /* DataManager.swift */; };
		FDC26E382D3E86D500B0A97C /* ButtonStyles.swift in Sources */ = {isa = PBXBuildFile; fileRef = FDC26D962D3E86D500B0A97C /* ButtonStyles.swift */; };
		FDC26E392D3E86D500B0A97C /* ToolbarNowButton.swift in Sources */ = {isa = PBXBuildFile; fileRef = FDC26E082D3E86D500B0A97C /* ToolbarNowButton.swift */; };
		FDC26E3A2D3E86D500B0A97C /* StartingAmountSheet.swift in Sources */ = {isa = PBXBuildFile; fileRef = FDC26DFE2D3E86D500B0A97C /* StartingAmountSheet.swift */; };
		FDC26E3B2D3E86D500B0A97C /* ResetMonthOptionSheet.swift in Sources */ = {isa = PBXBuildFile; fileRef = FDC26DF12D3E86D500B0A97C /* ResetMonthOptionSheet.swift */; };
		FDC26E3C2D3E86D500B0A97C /* BudgetModel.swift in Sources */ = {isa = PBXBuildFile; fileRef = FDC26D942D3E86D500B0A97C /* BudgetModel.swift */; };
		FDC26E3D2D3E86D500B0A97C /* CBPicture.swift in Sources */ = {isa = PBXBuildFile; fileRef = FDC26DAA2D3E86D500B0A97C /* CBPicture.swift */; };
		FDC26E3E2D3E86D500B0A97C /* KeychainManager.swift in Sources */ = {isa = PBXBuildFile; fileRef = FDC26DC42D3E86D500B0A97C /* KeychainManager.swift */; };
		FDC26E3F2D3E86D500B0A97C /* Login.swift in Sources */ = {isa = PBXBuildFile; fileRef = FDC26DCE2D3E86D500B0A97C /* Login.swift */; };
		FDC26E402D3E86D500B0A97C /* CircleDot.swift in Sources */ = {isa = PBXBuildFile; fileRef = FDC26DB12D3E86D500B0A97C /* CircleDot.swift */; };
		FDC26E412D3E86D500B0A97C /* CBRepeatingTransaction.swift in Sources */ = {isa = PBXBuildFile; fileRef = FDC26DAB2D3E86D500B0A97C /* CBRepeatingTransaction.swift */; };
		FDC26E422D3E86D500B0A97C /* Enums.swift in Sources */ = {isa = PBXBuildFile; fileRef = FDC26DBA2D3E86D500B0A97C /* Enums.swift */; };
		FDC26E432D3E86D500B0A97C /* CBKeyword.swift in Sources */ = {isa = PBXBuildFile; fileRef = FDC26DA62D3E86D500B0A97C /* CBKeyword.swift */; };
		FDC26E442D3E86D500B0A97C /* CBTransaction.swift in Sources */ = {isa = PBXBuildFile; fileRef = FDC26DAE2D3E86D500B0A97C /* CBTransaction.swift */; };
		FDC26E452D3E86D500B0A97C /* PaymentMethodMenu.swift in Sources */ = {isa = PBXBuildFile; fileRef = FDC26DE12D3E86D500B0A97C /* PaymentMethodMenu.swift */; };
		FDC26E462D3E86D500B0A97C /* Toasts.swift in Sources */ = {isa = PBXBuildFile; fileRef = FDC26E072D3E86D500B0A97C /* Toasts.swift */; };
		FDC26E472D3E86D500B0A97C /* CalendarViewMac.swift in Sources */ = {isa = PBXBuildFile; fileRef = FDC26D992D3E86D500B0A97C /* CalendarViewMac.swift */; };
		FDC26E482D3E86D500B0A97C /* CalendarViewPhone.swift in Sources */ = {isa = PBXBuildFile; fileRef = FDC26D9A2D3E86D500B0A97C /* CalendarViewPhone.swift */; };
		FDC26E492D3E86D500B0A97C /* Helpers.swift in Sources */ = {isa = PBXBuildFile; fileRef = FDC26DC12D3E86D500B0A97C /* Helpers.swift */; };
		FDC26E4A2D3E86D500B0A97C /* MultiPaymentMethodSheet.swift in Sources */ = {isa = PBXBuildFile; fileRef = FDC26DD82D3E86D500B0A97C /* MultiPaymentMethodSheet.swift */; };
		FDC26E4B2D3E86D500B0A97C /* RepeatingTransactionsTable.swift in Sources */ = {isa = PBXBuildFile; fileRef = FDC26DED2D3E86D500B0A97C /* RepeatingTransactionsTable.swift */; };
		FDC26E4C2D3E86D500B0A97C /* ResetMonthModel.swift in Sources */ = {isa = PBXBuildFile; fileRef = FDC26DF02D3E86D500B0A97C /* ResetMonthModel.swift */; };
		FDC26E4D2D3E86D500B0A97C /* CBTransfer.swift in Sources */ = {isa = PBXBuildFile; fileRef = FDC26DAF2D3E86D500B0A97C /* CBTransfer.swift */; };
		FDC26E4E2D3E86D500B0A97C /* KeyboardToolbar.swift in Sources */ = {isa = PBXBuildFile; fileRef = FDC26DC32D3E86D500B0A97C /* KeyboardToolbar.swift */; };
		FDC26E4F2D3E86D500B0A97C /* ColorPickerView.swift in Sources */ = {isa = PBXBuildFile; fileRef = FDC26DB32D3E86D500B0A97C /* ColorPickerView.swift */; };
		FDC26E502D3E86D500B0A97C /* SplashScreen.swift in Sources */ = {isa = PBXBuildFile; fileRef = FDC26DFC2D3E86D500B0A97C /* SplashScreen.swift */; };
		FDC26E512D3E86D500B0A97C /* CBCategory.swift in Sources */ = {isa = PBXBuildFile; fileRef = FDC26DA42D3E86D500B0A97C /* CBCategory.swift */; };
		FDC26E522D3E86D500B0A97C /* LineItemView.swift in Sources */ = {isa = PBXBuildFile; fileRef = FDC26DCC2D3E86D500B0A97C /* LineItemView.swift */; };
		FDC26E532D3E86D500B0A97C /* TitleColorMenu.swift in Sources */ = {isa = PBXBuildFile; fileRef = FDC26E062D3E86D500B0A97C /* TitleColorMenu.swift */; };
		FDC26E542D3E86D500B0A97C /* NavLinkPhone.swift in Sources */ = {isa = PBXBuildFile; fileRef = FDC26DDC2D3E86D500B0A97C /* NavLinkPhone.swift */; };
		FDC26E552D3E86D500B0A97C /* RootViewPhone.swift in Sources */ = {isa = PBXBuildFile; fileRef = FDC26DF62D3E86D500B0A97C /* RootViewPhone.swift */; };
		FDC26E562D3E86D500B0A97C /* CBLog.swift in Sources */ = {isa = PBXBuildFile; fileRef = FDC26DA72D3E86D500B0A97C /* CBLog.swift */; };
		FDC26E572D3E86D500B0A97C /* DayViewMac.swift in Sources */ = {isa = PBXBuildFile; fileRef = FDC26DB62D3E86D500B0A97C /* DayViewMac.swift */; };
		FDC26E582D3E86D500B0A97C /* MultiCategorySheet.swift in Sources */ = {isa = PBXBuildFile; fileRef = FDC26DD62D3E86D500B0A97C /* MultiCategorySheet.swift */; };
		FDC26E592D3E86D500B0A97C /* CategoriesTable.swift in Sources */ = {isa = PBXBuildFile; fileRef = FDC26D9C2D3E86D500B0A97C /* CategoriesTable.swift */; };
		FDC26E5A2D3E86D500B0A97C /* PayMethodsTable.swift in Sources */ = {isa = PBXBuildFile; fileRef = FDC26DE52D3E86D500B0A97C /* PayMethodsTable.swift */; };
		FDC26E5B2D3E86D500B0A97C /* KeywordView.swift in Sources */ = {isa = PBXBuildFile; fileRef = FDC26DC82D3E86D500B0A97C /* KeywordView.swift */; };
		FDC26E5E2D3E86D500B0A97C /* NavigationManager.swift in Sources */ = {isa = PBXBuildFile; fileRef = FDC26DDA2D3E86D500B0A97C /* NavigationManager.swift */; };
		FDC26E5F2D3E86D500B0A97C /* NotificationManager.swift in Sources */ = {isa = PBXBuildFile; fileRef = FDC26DDF2D3E86D500B0A97C /* NotificationManager.swift */; };
		FDC26E602D3E86D500B0A97C /* SymbolPicker.swift in Sources */ = {isa = PBXBuildFile; fileRef = FDC26DFF2D3E86D500B0A97C /* SymbolPicker.swift */; };
		FDC26E612D3E86D500B0A97C /* DayViewPhone.swift in Sources */ = {isa = PBXBuildFile; fileRef = FDC26DB72D3E86D500B0A97C /* DayViewPhone.swift */; };
		FDC26E622D3E86D500B0A97C /* AppTips.swift in Sources */ = {isa = PBXBuildFile; fileRef = FDC26D8F2D3E86D500B0A97C /* AppTips.swift */; };
		FDC26E632D3E86D500B0A97C /* StandardDivider.swift in Sources */ = {isa = PBXBuildFile; fileRef = FDC26DFD2D3E86D500B0A97C /* StandardDivider.swift */; };
		FDC26E642D3E86D500B0A97C /* KeywordModel.swift in Sources */ = {isa = PBXBuildFile; fileRef = FDC26DC62D3E86D500B0A97C /* KeywordModel.swift */; };
		FDC26E652D3E86D500B0A97C /* LineItemMiniView.swift in Sources */ = {isa = PBXBuildFile; fileRef = FDC26DCA2D3E86D500B0A97C /* LineItemMiniView.swift */; };
		FDC26E662D3E86D500B0A97C /* CategorySheet.swift in Sources */ = {isa = PBXBuildFile; fileRef = FDC26DA02D3E86D500B0A97C /* CategorySheet.swift */; };
		FDC26E672D3E86D500B0A97C /* RootView.swift in Sources */ = {isa = PBXBuildFile; fileRef = FDC26DF22D3E86D500B0A97C /* RootView.swift */; };
		FDC26E682D3E86D500B0A97C /* RootViewFunctions.swift in Sources */ = {isa = PBXBuildFile; fileRef = FDC26DF32D3E86D500B0A97C /* RootViewFunctions.swift */; };
		FDC26E692D3E86D500B0A97C /* TagModel.swift in Sources */ = {isa = PBXBuildFile; fileRef = FDC26E012D3E86D500B0A97C /* TagModel.swift */; };
		FDC26E6A2D3E86D500B0A97C /* SettingsViewInsert.swift in Sources */ = {isa = PBXBuildFile; fileRef = FDC26DF92D3E86D500B0A97C /* SettingsViewInsert.swift */; };
		FDC26E6B2D3E86D500B0A97C /* PayMethodView.swift in Sources */ = {isa = PBXBuildFile; fileRef = FDC26DE62D3E86D500B0A97C /* PayMethodView.swift */; };
		FDC26E6C2D3E86D500B0A97C /* CalendarOptionsSheet.swift in Sources */ = {isa = PBXBuildFile; fileRef = FDC26D982D3E86D500B0A97C /* CalendarOptionsSheet.swift */; };
		FDC26E6D2D3E86D500B0A97C /* BudgetEditView.swift in Sources */ = {isa = PBXBuildFile; fileRef = FDC26D932D3E86D500B0A97C /* BudgetEditView.swift */; };
		FDC26E6E2D3E86D500B0A97C /* TransactionListLine.swift in Sources */ = {isa = PBXBuildFile; fileRef = FDC26E0D2D3E86D500B0A97C /* TransactionListLine.swift */; };
		FDC26E6F2D3E86D500B0A97C /* ColorPickerButton.swift in Sources */ = {isa = PBXBuildFile; fileRef = FDC26DB22D3E86D500B0A97C /* ColorPickerButton.swift */; };
		FDC26E702D3E86D500B0A97C /* PopulateMonthOptionsSheet.swift in Sources */ = {isa = PBXBuildFile; fileRef = FDC26DE72D3E86D500B0A97C /* PopulateMonthOptionsSheet.swift */; };
		FDC26E712D3E86D500B0A97C /* MenuOrListButton.swift in Sources */ = {isa = PBXBuildFile; fileRef = FDC26DD42D3E86D500B0A97C /* MenuOrListButton.swift */; };
		FDC26E722D3E86D500B0A97C /* CBTag.swift in Sources */ = {isa = PBXBuildFile; fileRef = FDC26DAD2D3E86D500B0A97C /* CBTag.swift */; };
		FDC26E732D3E86D500B0A97C /* Extensions+Date.swift in Sources */ = {isa = PBXBuildFile; fileRef = FDC26DBD2D3E86D500B0A97C /* Extensions+Date.swift */; };
		FDC26E742D3E86D500B0A97C /* BudgetTable.swift in Sources */ = {isa = PBXBuildFile; fileRef = FDC26D952D3E86D500B0A97C /* BudgetTable.swift */; };
		FDC26E752D3E86D500B0A97C /* Extensions.swift in Sources */ = {isa = PBXBuildFile; fileRef = FDC26DBC2D3E86D500B0A97C /* Extensions.swift */; };
		FDC26E762D3E86D500B0A97C /* LongPollModel.swift in Sources */ = {isa = PBXBuildFile; fileRef = FDC26DD12D3E86D500B0A97C /* LongPollModel.swift */; };
		FDC26E772D3E86D500B0A97C /* CBDay.swift in Sources */ = {isa = PBXBuildFile; fileRef = FDC26DA52D3E86D500B0A97C /* CBDay.swift */; };
		FDC26E782D3E86D500B0A97C /* TagLayout.swift in Sources */ = {isa = PBXBuildFile; fileRef = FDC26E002D3E86D500B0A97C /* TagLayout.swift */; };
		FDC26E792D3E86D500B0A97C /* CategoryView.swift in Sources */ = {isa = PBXBuildFile; fileRef = FDC26DA22D3E86D500B0A97C /* CategoryView.swift */; };
		FDC26E7A2D3E86D500B0A97C /* ToolbarViews.swift in Sources */ = {isa = PBXBuildFile; fileRef = FDC26E0A2D3E86D500B0A97C /* ToolbarViews.swift */; };
		FDC26E7B2D3E86D500B0A97C /* YearPicker.swift in Sources */ = {isa = PBXBuildFile; fileRef = FDC26E0F2D3E86D500B0A97C /* YearPicker.swift */; };
		FDC26E7C2D3E86D500B0A97C /* NavSidebarPhone.swift in Sources */ = {isa = PBXBuildFile; fileRef = FDC26DDD2D3E86D500B0A97C /* NavSidebarPhone.swift */; };
		FDC26E7D2D3E86D500B0A97C /* CBStartingAmount.swift in Sources */ = {isa = PBXBuildFile; fileRef = FDC26DAC2D3E86D500B0A97C /* CBStartingAmount.swift */; };
		FDC26E7E2D3E86D500B0A97C /* CategoryModel.swift in Sources */ = {isa = PBXBuildFile; fileRef = FDC26D9F2D3E86D500B0A97C /* CategoryModel.swift */; };
		FDC26E7F2D3E86D500B0A97C /* DayContextMenu.swift in Sources */ = {isa = PBXBuildFile; fileRef = FDC26DB52D3E86D500B0A97C /* DayContextMenu.swift */; };
		FDC26E802D3E86D500B0A97C /* LogSheet.swift in Sources */ = {isa = PBXBuildFile; fileRef = FDC26DD02D3E86D500B0A97C /* LogSheet.swift */; };
		FDC26E812D3E86D500B0A97C /* CBUser.swift in Sources */ = {isa = PBXBuildFile; fileRef = FDC26DB02D3E86D500B0A97C /* CBUser.swift */; };
		FDC26E822D3E86D500B0A97C /* PaymentMethodSheetButton.swift in Sources */ = {isa = PBXBuildFile; fileRef = FDC26DE32D3E86D500B0A97C /* PaymentMethodSheetButton.swift */; };
		FDC26E832D3E86D500B0A97C /* ServerCredentials.swift in Sources */ = {isa = PBXBuildFile; fileRef = FDC26DF72D3E86D500B0A97C /* ServerCredentials.swift */; };
		FDC26E842D3E86D500B0A97C /* NavLinkMac.swift in Sources */ = {isa = PBXBuildFile; fileRef = FDC26DDB2D3E86D500B0A97C /* NavLinkMac.swift */; };
		FDC26E852D3E86D500B0A97C /* CategoryMenu.swift in Sources */ = {isa = PBXBuildFile; fileRef = FDC26D9E2D3E86D500B0A97C /* CategoryMenu.swift */; };
		FDC26E862D3E86D500B0A97C /* TransactionContextMenu.swift in Sources */ = {isa = PBXBuildFile; fileRef = FDC26E0B2D3E86D500B0A97C /* TransactionContextMenu.swift */; };
		FDC26E872D3E86D500B0A97C /* FuncModel.swift in Sources */ = {isa = PBXBuildFile; fileRef = FDC26DBF2D3E86D500B0A97C /* FuncModel.swift */; };
		FDC26E882D3E86D500B0A97C /* TempTransactionList.swift in Sources */ = {isa = PBXBuildFile; fileRef = FDC26E042D3E86D500B0A97C /* TempTransactionList.swift */; };
		FDC26E892D3E86D500B0A97C /* Textfields.swift in Sources */ = {isa = PBXBuildFile; fileRef = FDC26E052D3E86D500B0A97C /* Textfields.swift */; };
		FDC26E8A2D3E86D500B0A97C /* RequestModel.swift in Sources */ = {isa = PBXBuildFile; fileRef = FDC26DEF2D3E86D500B0A97C /* RequestModel.swift */; };
		FDC26E8B2D3E86D500B0A97C /* RepeatingAndBudgetSubmissionModel.swift in Sources */ = {isa = PBXBuildFile; fileRef = FDC26DEB2D3E86D500B0A97C /* RepeatingAndBudgetSubmissionModel.swift */; };
		FDC26E8C2D3E86D500B0A97C /* CalendarModel.swift in Sources */ = {isa = PBXBuildFile; fileRef = FDC26D972D3E86D500B0A97C /* CalendarModel.swift */; };
		FDC26E8D2D3E86D500B0A97C /* CategoryAnalysisSheet.swift in Sources */ = {isa = PBXBuildFile; fileRef = FDC26D9D2D3E86D500B0A97C /* CategoryAnalysisSheet.swift */; };
		FDC26E8E2D3E86D500B0A97C /* Preview Assets.xcassets in Resources */ = {isa = PBXBuildFile; fileRef = FDC26DE92D3E86D500B0A97C /* Preview Assets.xcassets */; };
		FDC26E8F2D3E86D500B0A97C /* Assets 2.xcassets in Resources */ = {isa = PBXBuildFile; fileRef = FDC26D912D3E86D500B0A97C /* Assets 2.xcassets */; };
		FDC26E902D3E86D500B0A97C /* DollarPartical.sks in Resources */ = {isa = PBXBuildFile; fileRef = FDC26DB82D3E86D500B0A97C /* DollarPartical.sks */; };
		FDC26E912D3E86D500B0A97C /* Assets.xcassets in Resources */ = {isa = PBXBuildFile; fileRef = FDC26D902D3E86D500B0A97C /* Assets.xcassets */; };
		FDC26E922D3E86D500B0A97C /* gitignore in Resources */ = {isa = PBXBuildFile; fileRef = FDC26DC02D3E86D500B0A97C /* gitignore */; };
		FDC26E952D3E935A00B0A97C /* CBEvent.swift in Sources */ = {isa = PBXBuildFile; fileRef = FDC26E942D3E935A00B0A97C /* CBEvent.swift */; };
		FDC26E972D3E9B2F00B0A97C /* EventsTable.swift in Sources */ = {isa = PBXBuildFile; fileRef = FDC26E962D3E9B2F00B0A97C /* EventsTable.swift */; };
		FDC26E992D3E9BCA00B0A97C /* EventModel.swift in Sources */ = {isa = PBXBuildFile; fileRef = FDC26E982D3E9BCA00B0A97C /* EventModel.swift */; };
		FDC26E9B2D3E9D5700B0A97C /* EventView.swift in Sources */ = {isa = PBXBuildFile; fileRef = FDC26E9A2D3E9D5700B0A97C /* EventView.swift */; };
		FDC26E9D2D3EA7F800B0A97C /* EventParticipantView.swift in Sources */ = {isa = PBXBuildFile; fileRef = FDC26E9C2D3EA7F800B0A97C /* EventParticipantView.swift */; };
		FDC26E9F2D3ECC1900B0A97C /* CBEventParticipant.swift in Sources */ = {isa = PBXBuildFile; fileRef = FDC26E9E2D3ECC1900B0A97C /* CBEventParticipant.swift */; };
		FDC26EA12D3F134600B0A97C /* CBEventItem.swift in Sources */ = {isa = PBXBuildFile; fileRef = FDC26EA02D3F134600B0A97C /* CBEventItem.swift */; };
		FDC26EA32D3FE6C100B0A97C /* EventItemView.swift in Sources */ = {isa = PBXBuildFile; fileRef = FDC26EA22D3FE6C100B0A97C /* EventItemView.swift */; };
		FDC26EA52D3FF61900B0A97C /* EventIdModel.swift in Sources */ = {isa = PBXBuildFile; fileRef = FDC26EA42D3FF61900B0A97C /* EventIdModel.swift */; };
		FDC26EA72D40139100B0A97C /* EventTransactionView.swift in Sources */ = {isa = PBXBuildFile; fileRef = FDC26EA62D40139100B0A97C /* EventTransactionView.swift */; };
		FDC26EA92D40175C00B0A97C /* CBEventTransaction.swift in Sources */ = {isa = PBXBuildFile; fileRef = FDC26EA82D40175C00B0A97C /* CBEventTransaction.swift */; };
		FDC26EC52D4131E000B0A97C /* UserSheet.swift in Sources */ = {isa = PBXBuildFile; fileRef = FDC26EC42D4131E000B0A97C /* UserSheet.swift */; };
		FDC26EC82D413B8900B0A97C /* XrefModel.swift in Sources */ = {isa = PBXBuildFile; fileRef = FDC26EC72D413B8900B0A97C /* XrefModel.swift */; };
		FDC26ECE2D41792600B0A97C /* EventPendingInviteView.swift in Sources */ = {isa = PBXBuildFile; fileRef = FDC26ECD2D41792600B0A97C /* EventPendingInviteView.swift */; };
		FDC26ED02D42898D00B0A97C /* EventInviteView.swift in Sources */ = {isa = PBXBuildFile; fileRef = FDC26ECF2D42898D00B0A97C /* EventInviteView.swift */; };
		FDE4E7D62D56978A00A883EE /* EditorExample.swift in Sources */ = {isa = PBXBuildFile; fileRef = FDE4E7D52D56978A00A883EE /* EditorExample.swift */; };
		FDE4E7D82D56AA0100A883EE /* PhotoModel.swift in Sources */ = {isa = PBXBuildFile; fileRef = FDE4E7D72D56AA0100A883EE /* PhotoModel.swift */; };
		FDE4E7DA2D5A592F00A883EE /* SmartReceiptViews.swift in Sources */ = {isa = PBXBuildFile; fileRef = FDE4E7D92D5A592F00A883EE /* SmartReceiptViews.swift */; };
		FDE4E8142D5BF33200A883EE /* UndodoManager.swift in Sources */ = {isa = PBXBuildFile; fileRef = FDE4E8132D5BF33200A883EE /* UndodoManager.swift */; };
/* End PBXBuildFile section */

/* Begin PBXContainerItemProxy section */
		FD6D7EF82D667CB60026D39D /* PBXContainerItemProxy */ = {
			isa = PBXContainerItemProxy;
			containerPortal = FD292E062C9B248B003C18D2 /* Project object */;
			proxyType = 1;
			remoteGlobalIDString = FD6D7EEA2D667CB50026D39D;
			remoteInfo = DailyWidgetExtension;
		};
/* End PBXContainerItemProxy section */

/* Begin PBXCopyFilesBuildPhase section */
		FD6D7EDD2D667B4B0026D39D /* Embed Foundation Extensions */ = {
			isa = PBXCopyFilesBuildPhase;
			buildActionMask = 2147483647;
			dstPath = "";
			dstSubfolderSpec = 13;
			files = (
				FD6D7EFA2D667CB60026D39D /* DailyWidgetExtension.appex in Embed Foundation Extensions */,
			);
			name = "Embed Foundation Extensions";
			runOnlyForDeploymentPostprocessing = 0;
		};
/* End PBXCopyFilesBuildPhase section */

/* Begin PBXFileReference section */
		FD07E24B2D68B53500024B11 /* FitTransactionOverlay.swift */ = {isa = PBXFileReference; lastKnownFileType = sourcecode.swift; path = FitTransactionOverlay.swift; sourceTree = "<group>"; };
		FD07E24D2D68B5BE00024B11 /* DayOverview.swift */ = {isa = PBXFileReference; lastKnownFileType = sourcecode.swift; path = DayOverview.swift; sourceTree = "<group>"; };
		FD292E0E2C9B248B003C18D2 /* MakeItRain.app */ = {isa = PBXFileReference; explicitFileType = wrapper.application; includeInIndex = 0; path = MakeItRain.app; sourceTree = BUILT_PRODUCTS_DIR; };
		FD6D7ECA2D667B4A0026D39D /* WidgetKit.framework */ = {isa = PBXFileReference; lastKnownFileType = wrapper.framework; name = WidgetKit.framework; path = System/Library/Frameworks/WidgetKit.framework; sourceTree = SDKROOT; };
		FD6D7ECC2D667B4A0026D39D /* SwiftUI.framework */ = {isa = PBXFileReference; lastKnownFileType = wrapper.framework; name = SwiftUI.framework; path = System/Library/Frameworks/SwiftUI.framework; sourceTree = SDKROOT; };
		FD6D7EEB2D667CB50026D39D /* DailyWidgetExtension.appex */ = {isa = PBXFileReference; explicitFileType = "wrapper.app-extension"; includeInIndex = 0; path = DailyWidgetExtension.appex; sourceTree = BUILT_PRODUCTS_DIR; };
		FD6D7EFF2D667F210026D39D /* DailyWidgetExtension.entitlements */ = {isa = PBXFileReference; lastKnownFileType = text.plist.entitlements; path = DailyWidgetExtension.entitlements; sourceTree = "<group>"; };
		FD6D7F002D6682AB0026D39D /* NewTransactionAppIntent.swift */ = {isa = PBXFileReference; lastKnownFileType = sourcecode.swift; path = NewTransactionAppIntent.swift; sourceTree = "<group>"; };
		FD6D7F022D66CD0A0026D39D /* CBFitTransaction.swift */ = {isa = PBXFileReference; lastKnownFileType = sourcecode.swift; path = CBFitTransaction.swift; sourceTree = "<group>"; };
		FD8DFA7C2CFB8C100056EE39 /* PersistentModel2.xcdatamodel */ = {isa = PBXFileReference; lastKnownFileType = wrapper.xcdatamodel; path = PersistentModel2.xcdatamodel; sourceTree = "<group>"; };
		FDB066D02D4D40C40060568B /* UIDatePicker.swift */ = {isa = PBXFileReference; lastKnownFileType = sourcecode.swift; path = UIDatePicker.swift; sourceTree = "<group>"; };
		FDC26D312D3E85FC00B0A97C /* MakeItRain.xcodeproj */ = {isa = PBXFileReference; lastKnownFileType = "wrapper.pb-project"; path = MakeItRain.xcodeproj; sourceTree = "<group>"; };
		FDC26D8C2D3E86D500B0A97C /* AdvancedSearchView.swift */ = {isa = PBXFileReference; lastKnownFileType = sourcecode.swift; path = AdvancedSearchView.swift; sourceTree = "<group>"; };
		FDC26D8D2D3E86D500B0A97C /* AppDelegate.swift */ = {isa = PBXFileReference; lastKnownFileType = sourcecode.swift; path = AppDelegate.swift; sourceTree = "<group>"; };
		FDC26D8E2D3E86D500B0A97C /* AppState.swift */ = {isa = PBXFileReference; lastKnownFileType = sourcecode.swift; path = AppState.swift; sourceTree = "<group>"; };
		FDC26D8F2D3E86D500B0A97C /* AppTips.swift */ = {isa = PBXFileReference; lastKnownFileType = sourcecode.swift; path = AppTips.swift; sourceTree = "<group>"; };
		FDC26D902D3E86D500B0A97C /* Assets.xcassets */ = {isa = PBXFileReference; lastKnownFileType = folder.assetcatalog; path = Assets.xcassets; sourceTree = "<group>"; };
		FDC26D912D3E86D500B0A97C /* Assets 2.xcassets */ = {isa = PBXFileReference; lastKnownFileType = folder.assetcatalog; path = "Assets 2.xcassets"; sourceTree = "<group>"; };
		FDC26D922D3E86D500B0A97C /* AuthState.swift */ = {isa = PBXFileReference; lastKnownFileType = sourcecode.swift; path = AuthState.swift; sourceTree = "<group>"; };
		FDC26D932D3E86D500B0A97C /* BudgetEditView.swift */ = {isa = PBXFileReference; lastKnownFileType = sourcecode.swift; path = BudgetEditView.swift; sourceTree = "<group>"; };
		FDC26D942D3E86D500B0A97C /* BudgetModel.swift */ = {isa = PBXFileReference; lastKnownFileType = sourcecode.swift; path = BudgetModel.swift; sourceTree = "<group>"; };
		FDC26D952D3E86D500B0A97C /* BudgetTable.swift */ = {isa = PBXFileReference; lastKnownFileType = sourcecode.swift; path = BudgetTable.swift; sourceTree = "<group>"; };
		FDC26D962D3E86D500B0A97C /* ButtonStyles.swift */ = {isa = PBXFileReference; lastKnownFileType = sourcecode.swift; path = ButtonStyles.swift; sourceTree = "<group>"; };
		FDC26D972D3E86D500B0A97C /* CalendarModel.swift */ = {isa = PBXFileReference; lastKnownFileType = sourcecode.swift; path = CalendarModel.swift; sourceTree = "<group>"; };
		FDC26D982D3E86D500B0A97C /* CalendarOptionsSheet.swift */ = {isa = PBXFileReference; lastKnownFileType = sourcecode.swift; path = CalendarOptionsSheet.swift; sourceTree = "<group>"; };
		FDC26D992D3E86D500B0A97C /* CalendarViewMac.swift */ = {isa = PBXFileReference; lastKnownFileType = sourcecode.swift; path = CalendarViewMac.swift; sourceTree = "<group>"; };
		FDC26D9A2D3E86D500B0A97C /* CalendarViewPhone.swift */ = {isa = PBXFileReference; lastKnownFileType = sourcecode.swift; path = CalendarViewPhone.swift; sourceTree = "<group>"; };
		FDC26D9B2D3E86D500B0A97C /* CameraView.swift */ = {isa = PBXFileReference; lastKnownFileType = sourcecode.swift; path = CameraView.swift; sourceTree = "<group>"; };
		FDC26D9C2D3E86D500B0A97C /* CategoriesTable.swift */ = {isa = PBXFileReference; lastKnownFileType = sourcecode.swift; path = CategoriesTable.swift; sourceTree = "<group>"; };
		FDC26D9D2D3E86D500B0A97C /* CategoryAnalysisSheet.swift */ = {isa = PBXFileReference; lastKnownFileType = sourcecode.swift; path = CategoryAnalysisSheet.swift; sourceTree = "<group>"; };
		FDC26D9E2D3E86D500B0A97C /* CategoryMenu.swift */ = {isa = PBXFileReference; lastKnownFileType = sourcecode.swift; path = CategoryMenu.swift; sourceTree = "<group>"; };
		FDC26D9F2D3E86D500B0A97C /* CategoryModel.swift */ = {isa = PBXFileReference; lastKnownFileType = sourcecode.swift; path = CategoryModel.swift; sourceTree = "<group>"; };
		FDC26DA02D3E86D500B0A97C /* CategorySheet.swift */ = {isa = PBXFileReference; lastKnownFileType = sourcecode.swift; path = CategorySheet.swift; sourceTree = "<group>"; };
		FDC26DA12D3E86D500B0A97C /* CategorySheetButton.swift */ = {isa = PBXFileReference; lastKnownFileType = sourcecode.swift; path = CategorySheetButton.swift; sourceTree = "<group>"; };
		FDC26DA22D3E86D500B0A97C /* CategoryView.swift */ = {isa = PBXFileReference; lastKnownFileType = sourcecode.swift; path = CategoryView.swift; sourceTree = "<group>"; };
		FDC26DA32D3E86D500B0A97C /* CBBudget.swift */ = {isa = PBXFileReference; lastKnownFileType = sourcecode.swift; path = CBBudget.swift; sourceTree = "<group>"; };
		FDC26DA42D3E86D500B0A97C /* CBCategory.swift */ = {isa = PBXFileReference; lastKnownFileType = sourcecode.swift; path = CBCategory.swift; sourceTree = "<group>"; };
		FDC26DA52D3E86D500B0A97C /* CBDay.swift */ = {isa = PBXFileReference; lastKnownFileType = sourcecode.swift; path = CBDay.swift; sourceTree = "<group>"; };
		FDC26DA62D3E86D500B0A97C /* CBKeyword.swift */ = {isa = PBXFileReference; lastKnownFileType = sourcecode.swift; path = CBKeyword.swift; sourceTree = "<group>"; };
		FDC26DA72D3E86D500B0A97C /* CBLog.swift */ = {isa = PBXFileReference; lastKnownFileType = sourcecode.swift; path = CBLog.swift; sourceTree = "<group>"; };
		FDC26DA82D3E86D500B0A97C /* CBMonth.swift */ = {isa = PBXFileReference; lastKnownFileType = sourcecode.swift; path = CBMonth.swift; sourceTree = "<group>"; };
		FDC26DA92D3E86D500B0A97C /* CBPaymentMethod.swift */ = {isa = PBXFileReference; lastKnownFileType = sourcecode.swift; path = CBPaymentMethod.swift; sourceTree = "<group>"; };
		FDC26DAA2D3E86D500B0A97C /* CBPicture.swift */ = {isa = PBXFileReference; lastKnownFileType = sourcecode.swift; path = CBPicture.swift; sourceTree = "<group>"; };
		FDC26DAB2D3E86D500B0A97C /* CBRepeatingTransaction.swift */ = {isa = PBXFileReference; lastKnownFileType = sourcecode.swift; path = CBRepeatingTransaction.swift; sourceTree = "<group>"; };
		FDC26DAC2D3E86D500B0A97C /* CBStartingAmount.swift */ = {isa = PBXFileReference; lastKnownFileType = sourcecode.swift; path = CBStartingAmount.swift; sourceTree = "<group>"; };
		FDC26DAD2D3E86D500B0A97C /* CBTag.swift */ = {isa = PBXFileReference; lastKnownFileType = sourcecode.swift; path = CBTag.swift; sourceTree = "<group>"; };
		FDC26DAE2D3E86D500B0A97C /* CBTransaction.swift */ = {isa = PBXFileReference; lastKnownFileType = sourcecode.swift; path = CBTransaction.swift; sourceTree = "<group>"; };
		FDC26DAF2D3E86D500B0A97C /* CBTransfer.swift */ = {isa = PBXFileReference; lastKnownFileType = sourcecode.swift; path = CBTransfer.swift; sourceTree = "<group>"; };
		FDC26DB02D3E86D500B0A97C /* CBUser.swift */ = {isa = PBXFileReference; lastKnownFileType = sourcecode.swift; path = CBUser.swift; sourceTree = "<group>"; };
		FDC26DB12D3E86D500B0A97C /* CircleDot.swift */ = {isa = PBXFileReference; lastKnownFileType = sourcecode.swift; path = CircleDot.swift; sourceTree = "<group>"; };
		FDC26DB22D3E86D500B0A97C /* ColorPickerButton.swift */ = {isa = PBXFileReference; lastKnownFileType = sourcecode.swift; path = ColorPickerButton.swift; sourceTree = "<group>"; };
		FDC26DB32D3E86D500B0A97C /* ColorPickerView.swift */ = {isa = PBXFileReference; lastKnownFileType = sourcecode.swift; path = ColorPickerView.swift; sourceTree = "<group>"; };
		FDC26DB42D3E86D500B0A97C /* DataManager.swift */ = {isa = PBXFileReference; lastKnownFileType = sourcecode.swift; path = DataManager.swift; sourceTree = "<group>"; };
		FDC26DB52D3E86D500B0A97C /* DayContextMenu.swift */ = {isa = PBXFileReference; lastKnownFileType = sourcecode.swift; path = DayContextMenu.swift; sourceTree = "<group>"; };
		FDC26DB62D3E86D500B0A97C /* DayViewMac.swift */ = {isa = PBXFileReference; lastKnownFileType = sourcecode.swift; path = DayViewMac.swift; sourceTree = "<group>"; };
		FDC26DB72D3E86D500B0A97C /* DayViewPhone.swift */ = {isa = PBXFileReference; lastKnownFileType = sourcecode.swift; path = DayViewPhone.swift; sourceTree = "<group>"; };
		FDC26DB82D3E86D500B0A97C /* DollarPartical.sks */ = {isa = PBXFileReference; lastKnownFileType = file.sks; path = DollarPartical.sks; sourceTree = "<group>"; };
		FDC26DB92D3E86D500B0A97C /* DollarParticalEmitterView.swift */ = {isa = PBXFileReference; lastKnownFileType = sourcecode.swift; path = DollarParticalEmitterView.swift; sourceTree = "<group>"; };
		FDC26DBA2D3E86D500B0A97C /* Enums.swift */ = {isa = PBXFileReference; lastKnownFileType = sourcecode.swift; path = Enums.swift; sourceTree = "<group>"; };
		FDC26DBB2D3E86D500B0A97C /* ExcludeFromTotalsLine.swift */ = {isa = PBXFileReference; lastKnownFileType = sourcecode.swift; path = ExcludeFromTotalsLine.swift; sourceTree = "<group>"; };
		FDC26DBC2D3E86D500B0A97C /* Extensions.swift */ = {isa = PBXFileReference; lastKnownFileType = sourcecode.swift; path = Extensions.swift; sourceTree = "<group>"; };
		FDC26DBD2D3E86D500B0A97C /* Extensions+Date.swift */ = {isa = PBXFileReference; lastKnownFileType = sourcecode.swift; path = "Extensions+Date.swift"; sourceTree = "<group>"; };
		FDC26DBF2D3E86D500B0A97C /* FuncModel.swift */ = {isa = PBXFileReference; lastKnownFileType = sourcecode.swift; path = FuncModel.swift; sourceTree = "<group>"; };
		FDC26DC02D3E86D500B0A97C /* gitignore */ = {isa = PBXFileReference; lastKnownFileType = text; path = gitignore; sourceTree = "<group>"; };
		FDC26DC12D3E86D500B0A97C /* Helpers.swift */ = {isa = PBXFileReference; lastKnownFileType = sourcecode.swift; path = Helpers.swift; sourceTree = "<group>"; };
		FDC26DC22D3E86D500B0A97C /* Info.plist */ = {isa = PBXFileReference; lastKnownFileType = text.plist.xml; path = Info.plist; sourceTree = "<group>"; };
		FDC26DC32D3E86D500B0A97C /* KeyboardToolbar.swift */ = {isa = PBXFileReference; lastKnownFileType = sourcecode.swift; path = KeyboardToolbar.swift; sourceTree = "<group>"; };
		FDC26DC42D3E86D500B0A97C /* KeychainManager.swift */ = {isa = PBXFileReference; lastKnownFileType = sourcecode.swift; path = KeychainManager.swift; sourceTree = "<group>"; };
		FDC26DC52D3E86D500B0A97C /* Keys.swift */ = {isa = PBXFileReference; lastKnownFileType = sourcecode.swift; path = Keys.swift; sourceTree = "<group>"; };
		FDC26DC62D3E86D500B0A97C /* KeywordModel.swift */ = {isa = PBXFileReference; lastKnownFileType = sourcecode.swift; path = KeywordModel.swift; sourceTree = "<group>"; };
		FDC26DC72D3E86D500B0A97C /* KeywordsTable.swift */ = {isa = PBXFileReference; lastKnownFileType = sourcecode.swift; path = KeywordsTable.swift; sourceTree = "<group>"; };
		FDC26DC82D3E86D500B0A97C /* KeywordView.swift */ = {isa = PBXFileReference; lastKnownFileType = sourcecode.swift; path = KeywordView.swift; sourceTree = "<group>"; };
		FDC26DC92D3E86D500B0A97C /* LabeledRow.swift */ = {isa = PBXFileReference; lastKnownFileType = sourcecode.swift; path = LabeledRow.swift; sourceTree = "<group>"; };
		FDC26DCA2D3E86D500B0A97C /* LineItemMiniView.swift */ = {isa = PBXFileReference; lastKnownFileType = sourcecode.swift; path = LineItemMiniView.swift; sourceTree = "<group>"; };
		FDC26DCC2D3E86D500B0A97C /* LineItemView.swift */ = {isa = PBXFileReference; lastKnownFileType = sourcecode.swift; path = LineItemView.swift; sourceTree = "<group>"; };
		FDC26DCD2D3E86D500B0A97C /* LoadingManager.swift */ = {isa = PBXFileReference; lastKnownFileType = sourcecode.swift; path = LoadingManager.swift; sourceTree = "<group>"; };
		FDC26DCE2D3E86D500B0A97C /* Login.swift */ = {isa = PBXFileReference; lastKnownFileType = sourcecode.swift; path = Login.swift; sourceTree = "<group>"; };
		FDC26DCF2D3E86D500B0A97C /* LogManager.swift */ = {isa = PBXFileReference; lastKnownFileType = sourcecode.swift; path = LogManager.swift; sourceTree = "<group>"; };
		FDC26DD02D3E86D500B0A97C /* LogSheet.swift */ = {isa = PBXFileReference; lastKnownFileType = sourcecode.swift; path = LogSheet.swift; sourceTree = "<group>"; };
		FDC26DD12D3E86D500B0A97C /* LongPollModel.swift */ = {isa = PBXFileReference; lastKnownFileType = sourcecode.swift; path = LongPollModel.swift; sourceTree = "<group>"; };
		FDC26DD22D3E86D500B0A97C /* MakeItRain.entitlements */ = {isa = PBXFileReference; lastKnownFileType = text.plist.entitlements; path = MakeItRain.entitlements; sourceTree = "<group>"; };
		FDC26DD32D3E86D500B0A97C /* MakeItRainApp.swift */ = {isa = PBXFileReference; lastKnownFileType = sourcecode.swift; path = MakeItRainApp.swift; sourceTree = "<group>"; };
		FDC26DD42D3E86D500B0A97C /* MenuOrListButton.swift */ = {isa = PBXFileReference; lastKnownFileType = sourcecode.swift; path = MenuOrListButton.swift; sourceTree = "<group>"; };
		FDC26DD52D3E86D500B0A97C /* Modifiers.swift */ = {isa = PBXFileReference; lastKnownFileType = sourcecode.swift; path = Modifiers.swift; sourceTree = "<group>"; };
		FDC26DD62D3E86D500B0A97C /* MultiCategorySheet.swift */ = {isa = PBXFileReference; lastKnownFileType = sourcecode.swift; path = MultiCategorySheet.swift; sourceTree = "<group>"; };
		FDC26DD72D3E86D500B0A97C /* MultiMonthSheet.swift */ = {isa = PBXFileReference; lastKnownFileType = sourcecode.swift; path = MultiMonthSheet.swift; sourceTree = "<group>"; };
		FDC26DD82D3E86D500B0A97C /* MultiPaymentMethodSheet.swift */ = {isa = PBXFileReference; lastKnownFileType = sourcecode.swift; path = MultiPaymentMethodSheet.swift; sourceTree = "<group>"; };
		FDC26DD92D3E86D500B0A97C /* MultiYearSheet.swift */ = {isa = PBXFileReference; lastKnownFileType = sourcecode.swift; path = MultiYearSheet.swift; sourceTree = "<group>"; };
		FDC26DDA2D3E86D500B0A97C /* NavigationManager.swift */ = {isa = PBXFileReference; lastKnownFileType = sourcecode.swift; path = NavigationManager.swift; sourceTree = "<group>"; };
		FDC26DDB2D3E86D500B0A97C /* NavLinkMac.swift */ = {isa = PBXFileReference; lastKnownFileType = sourcecode.swift; path = NavLinkMac.swift; sourceTree = "<group>"; };
		FDC26DDC2D3E86D500B0A97C /* NavLinkPhone.swift */ = {isa = PBXFileReference; lastKnownFileType = sourcecode.swift; path = NavLinkPhone.swift; sourceTree = "<group>"; };
		FDC26DDD2D3E86D500B0A97C /* NavSidebarPhone.swift */ = {isa = PBXFileReference; lastKnownFileType = sourcecode.swift; path = NavSidebarPhone.swift; sourceTree = "<group>"; };
		FDC26DDE2D3E86D500B0A97C /* NetworkManager.swift */ = {isa = PBXFileReference; lastKnownFileType = sourcecode.swift; path = NetworkManager.swift; sourceTree = "<group>"; };
		FDC26DDF2D3E86D500B0A97C /* NotificationManager.swift */ = {isa = PBXFileReference; lastKnownFileType = sourcecode.swift; path = NotificationManager.swift; sourceTree = "<group>"; };
		FDC26DE02D3E86D500B0A97C /* NotificationToken.swift */ = {isa = PBXFileReference; lastKnownFileType = sourcecode.swift; path = NotificationToken.swift; sourceTree = "<group>"; };
		FDC26DE12D3E86D500B0A97C /* PaymentMethodMenu.swift */ = {isa = PBXFileReference; lastKnownFileType = sourcecode.swift; path = PaymentMethodMenu.swift; sourceTree = "<group>"; };
		FDC26DE22D3E86D500B0A97C /* PaymentMethodSheet.swift */ = {isa = PBXFileReference; lastKnownFileType = sourcecode.swift; path = PaymentMethodSheet.swift; sourceTree = "<group>"; };
		FDC26DE32D3E86D500B0A97C /* PaymentMethodSheetButton.swift */ = {isa = PBXFileReference; lastKnownFileType = sourcecode.swift; path = PaymentMethodSheetButton.swift; sourceTree = "<group>"; };
		FDC26DE42D3E86D500B0A97C /* PayMethodModel.swift */ = {isa = PBXFileReference; lastKnownFileType = sourcecode.swift; path = PayMethodModel.swift; sourceTree = "<group>"; };
		FDC26DE52D3E86D500B0A97C /* PayMethodsTable.swift */ = {isa = PBXFileReference; lastKnownFileType = sourcecode.swift; path = PayMethodsTable.swift; sourceTree = "<group>"; };
		FDC26DE62D3E86D500B0A97C /* PayMethodView.swift */ = {isa = PBXFileReference; lastKnownFileType = sourcecode.swift; path = PayMethodView.swift; sourceTree = "<group>"; };
		FDC26DE72D3E86D500B0A97C /* PopulateMonthOptionsSheet.swift */ = {isa = PBXFileReference; lastKnownFileType = sourcecode.swift; path = PopulateMonthOptionsSheet.swift; sourceTree = "<group>"; };
		FDC26DE82D3E86D500B0A97C /* PreferenceKeys.swift */ = {isa = PBXFileReference; lastKnownFileType = sourcecode.swift; path = PreferenceKeys.swift; sourceTree = "<group>"; };
		FDC26DE92D3E86D500B0A97C /* Preview Assets.xcassets */ = {isa = PBXFileReference; lastKnownFileType = folder.assetcatalog; path = "Preview Assets.xcassets"; sourceTree = "<group>"; };
		FDC26DEA2D3E86D500B0A97C /* ReminderCreator.swift */ = {isa = PBXFileReference; lastKnownFileType = sourcecode.swift; path = ReminderCreator.swift; sourceTree = "<group>"; };
		FDC26DEB2D3E86D500B0A97C /* RepeatingAndBudgetSubmissionModel.swift */ = {isa = PBXFileReference; lastKnownFileType = sourcecode.swift; path = RepeatingAndBudgetSubmissionModel.swift; sourceTree = "<group>"; };
		FDC26DEC2D3E86D500B0A97C /* RepeatingTransactionModel.swift */ = {isa = PBXFileReference; lastKnownFileType = sourcecode.swift; path = RepeatingTransactionModel.swift; sourceTree = "<group>"; };
		FDC26DED2D3E86D500B0A97C /* RepeatingTransactionsTable.swift */ = {isa = PBXFileReference; lastKnownFileType = sourcecode.swift; path = RepeatingTransactionsTable.swift; sourceTree = "<group>"; };
		FDC26DEE2D3E86D500B0A97C /* RepeatingTransactionView.swift */ = {isa = PBXFileReference; lastKnownFileType = sourcecode.swift; path = RepeatingTransactionView.swift; sourceTree = "<group>"; };
		FDC26DEF2D3E86D500B0A97C /* RequestModel.swift */ = {isa = PBXFileReference; lastKnownFileType = sourcecode.swift; path = RequestModel.swift; sourceTree = "<group>"; };
		FDC26DF02D3E86D500B0A97C /* ResetMonthModel.swift */ = {isa = PBXFileReference; lastKnownFileType = sourcecode.swift; path = ResetMonthModel.swift; sourceTree = "<group>"; };
		FDC26DF12D3E86D500B0A97C /* ResetMonthOptionSheet.swift */ = {isa = PBXFileReference; lastKnownFileType = sourcecode.swift; path = ResetMonthOptionSheet.swift; sourceTree = "<group>"; };
		FDC26DF22D3E86D500B0A97C /* RootView.swift */ = {isa = PBXFileReference; lastKnownFileType = sourcecode.swift; path = RootView.swift; sourceTree = "<group>"; };
		FDC26DF32D3E86D500B0A97C /* RootViewFunctions.swift */ = {isa = PBXFileReference; lastKnownFileType = sourcecode.swift; path = RootViewFunctions.swift; sourceTree = "<group>"; };
		FDC26DF42D3E86D500B0A97C /* RootViewMac.swift */ = {isa = PBXFileReference; lastKnownFileType = sourcecode.swift; path = RootViewMac.swift; sourceTree = "<group>"; };
		FDC26DF62D3E86D500B0A97C /* RootViewPhone.swift */ = {isa = PBXFileReference; lastKnownFileType = sourcecode.swift; path = RootViewPhone.swift; sourceTree = "<group>"; };
		FDC26DF72D3E86D500B0A97C /* ServerCredentials.swift */ = {isa = PBXFileReference; lastKnownFileType = sourcecode.swift; path = ServerCredentials.swift; sourceTree = "<group>"; };
		FDC26DF82D3E86D500B0A97C /* SettingsView.swift */ = {isa = PBXFileReference; lastKnownFileType = sourcecode.swift; path = SettingsView.swift; sourceTree = "<group>"; };
		FDC26DF92D3E86D500B0A97C /* SettingsViewInsert.swift */ = {isa = PBXFileReference; lastKnownFileType = sourcecode.swift; path = SettingsViewInsert.swift; sourceTree = "<group>"; };
		FDC26DFA2D3E86D500B0A97C /* SFSafariView.swift */ = {isa = PBXFileReference; lastKnownFileType = sourcecode.swift; path = SFSafariView.swift; sourceTree = "<group>"; };
		FDC26DFB2D3E86D500B0A97C /* SheetHeader.swift */ = {isa = PBXFileReference; lastKnownFileType = sourcecode.swift; path = SheetHeader.swift; sourceTree = "<group>"; };
		FDC26DFC2D3E86D500B0A97C /* SplashScreen.swift */ = {isa = PBXFileReference; lastKnownFileType = sourcecode.swift; path = SplashScreen.swift; sourceTree = "<group>"; };
		FDC26DFD2D3E86D500B0A97C /* StandardDivider.swift */ = {isa = PBXFileReference; lastKnownFileType = sourcecode.swift; path = StandardDivider.swift; sourceTree = "<group>"; };
		FDC26DFE2D3E86D500B0A97C /* StartingAmountSheet.swift */ = {isa = PBXFileReference; lastKnownFileType = sourcecode.swift; path = StartingAmountSheet.swift; sourceTree = "<group>"; };
		FDC26DFF2D3E86D500B0A97C /* SymbolPicker.swift */ = {isa = PBXFileReference; lastKnownFileType = sourcecode.swift; path = SymbolPicker.swift; sourceTree = "<group>"; };
		FDC26E002D3E86D500B0A97C /* TagLayout.swift */ = {isa = PBXFileReference; lastKnownFileType = sourcecode.swift; path = TagLayout.swift; sourceTree = "<group>"; };
		FDC26E012D3E86D500B0A97C /* TagModel.swift */ = {isa = PBXFileReference; lastKnownFileType = sourcecode.swift; path = TagModel.swift; sourceTree = "<group>"; };
		FDC26E032D3E86D500B0A97C /* TagView.swift */ = {isa = PBXFileReference; lastKnownFileType = sourcecode.swift; path = TagView.swift; sourceTree = "<group>"; };
		FDC26E042D3E86D500B0A97C /* TempTransactionList.swift */ = {isa = PBXFileReference; lastKnownFileType = sourcecode.swift; path = TempTransactionList.swift; sourceTree = "<group>"; };
		FDC26E052D3E86D500B0A97C /* Textfields.swift */ = {isa = PBXFileReference; lastKnownFileType = sourcecode.swift; path = Textfields.swift; sourceTree = "<group>"; };
		FDC26E062D3E86D500B0A97C /* TitleColorMenu.swift */ = {isa = PBXFileReference; lastKnownFileType = sourcecode.swift; path = TitleColorMenu.swift; sourceTree = "<group>"; };
		FDC26E072D3E86D500B0A97C /* Toasts.swift */ = {isa = PBXFileReference; lastKnownFileType = sourcecode.swift; path = Toasts.swift; sourceTree = "<group>"; };
		FDC26E082D3E86D500B0A97C /* ToolbarNowButton.swift */ = {isa = PBXFileReference; lastKnownFileType = sourcecode.swift; path = ToolbarNowButton.swift; sourceTree = "<group>"; };
		FDC26E092D3E86D500B0A97C /* ToolbarRefreshButton.swift */ = {isa = PBXFileReference; lastKnownFileType = sourcecode.swift; path = ToolbarRefreshButton.swift; sourceTree = "<group>"; };
		FDC26E0A2D3E86D500B0A97C /* ToolbarViews.swift */ = {isa = PBXFileReference; lastKnownFileType = sourcecode.swift; path = ToolbarViews.swift; sourceTree = "<group>"; };
		FDC26E0B2D3E86D500B0A97C /* TransactionContextMenu.swift */ = {isa = PBXFileReference; lastKnownFileType = sourcecode.swift; path = TransactionContextMenu.swift; sourceTree = "<group>"; };
		FDC26E0C2D3E86D500B0A97C /* TransactionEditView.swift */ = {isa = PBXFileReference; lastKnownFileType = sourcecode.swift; path = TransactionEditView.swift; sourceTree = "<group>"; };
		FDC26E0D2D3E86D500B0A97C /* TransactionListLine.swift */ = {isa = PBXFileReference; lastKnownFileType = sourcecode.swift; path = TransactionListLine.swift; sourceTree = "<group>"; };
		FDC26E0E2D3E86D500B0A97C /* TransferSheet.swift */ = {isa = PBXFileReference; lastKnownFileType = sourcecode.swift; path = TransferSheet.swift; sourceTree = "<group>"; };
		FDC26E0F2D3E86D500B0A97C /* YearPicker.swift */ = {isa = PBXFileReference; lastKnownFileType = sourcecode.swift; path = YearPicker.swift; sourceTree = "<group>"; };
		FDC26E942D3E935A00B0A97C /* CBEvent.swift */ = {isa = PBXFileReference; lastKnownFileType = sourcecode.swift; path = CBEvent.swift; sourceTree = "<group>"; };
		FDC26E962D3E9B2F00B0A97C /* EventsTable.swift */ = {isa = PBXFileReference; lastKnownFileType = sourcecode.swift; path = EventsTable.swift; sourceTree = "<group>"; };
		FDC26E982D3E9BCA00B0A97C /* EventModel.swift */ = {isa = PBXFileReference; lastKnownFileType = sourcecode.swift; path = EventModel.swift; sourceTree = "<group>"; };
		FDC26E9A2D3E9D5700B0A97C /* EventView.swift */ = {isa = PBXFileReference; lastKnownFileType = sourcecode.swift; path = EventView.swift; sourceTree = "<group>"; };
		FDC26E9C2D3EA7F800B0A97C /* EventParticipantView.swift */ = {isa = PBXFileReference; lastKnownFileType = sourcecode.swift; path = EventParticipantView.swift; sourceTree = "<group>"; };
		FDC26E9E2D3ECC1900B0A97C /* CBEventParticipant.swift */ = {isa = PBXFileReference; lastKnownFileType = sourcecode.swift; path = CBEventParticipant.swift; sourceTree = "<group>"; };
		FDC26EA02D3F134600B0A97C /* CBEventItem.swift */ = {isa = PBXFileReference; lastKnownFileType = sourcecode.swift; path = CBEventItem.swift; sourceTree = "<group>"; };
		FDC26EA22D3FE6C100B0A97C /* EventItemView.swift */ = {isa = PBXFileReference; lastKnownFileType = sourcecode.swift; path = EventItemView.swift; sourceTree = "<group>"; };
		FDC26EA42D3FF61900B0A97C /* EventIdModel.swift */ = {isa = PBXFileReference; lastKnownFileType = sourcecode.swift; path = EventIdModel.swift; sourceTree = "<group>"; };
		FDC26EA62D40139100B0A97C /* EventTransactionView.swift */ = {isa = PBXFileReference; lastKnownFileType = sourcecode.swift; path = EventTransactionView.swift; sourceTree = "<group>"; };
		FDC26EA82D40175C00B0A97C /* CBEventTransaction.swift */ = {isa = PBXFileReference; lastKnownFileType = sourcecode.swift; path = CBEventTransaction.swift; sourceTree = "<group>"; };
		FDC26EC42D4131E000B0A97C /* UserSheet.swift */ = {isa = PBXFileReference; lastKnownFileType = sourcecode.swift; path = UserSheet.swift; sourceTree = "<group>"; };
		FDC26EC72D413B8900B0A97C /* XrefModel.swift */ = {isa = PBXFileReference; lastKnownFileType = sourcecode.swift; path = XrefModel.swift; sourceTree = "<group>"; };
		FDC26ECD2D41792600B0A97C /* EventPendingInviteView.swift */ = {isa = PBXFileReference; lastKnownFileType = sourcecode.swift; path = EventPendingInviteView.swift; sourceTree = "<group>"; };
		FDC26ECF2D42898D00B0A97C /* EventInviteView.swift */ = {isa = PBXFileReference; lastKnownFileType = sourcecode.swift; path = EventInviteView.swift; sourceTree = "<group>"; };
		FDE4E7D52D56978A00A883EE /* EditorExample.swift */ = {isa = PBXFileReference; lastKnownFileType = sourcecode.swift; path = EditorExample.swift; sourceTree = "<group>"; };
		FDE4E7D72D56AA0100A883EE /* PhotoModel.swift */ = {isa = PBXFileReference; lastKnownFileType = sourcecode.swift; path = PhotoModel.swift; sourceTree = "<group>"; };
		FDE4E7D92D5A592F00A883EE /* SmartReceiptViews.swift */ = {isa = PBXFileReference; lastKnownFileType = sourcecode.swift; path = SmartReceiptViews.swift; sourceTree = "<group>"; };
		FDE4E8132D5BF33200A883EE /* UndodoManager.swift */ = {isa = PBXFileReference; lastKnownFileType = sourcecode.swift; path = UndodoManager.swift; sourceTree = "<group>"; };
/* End PBXFileReference section */

/* Begin PBXFileSystemSynchronizedBuildFileExceptionSet section */
		FD6D7EFB2D667CB60026D39D /* Exceptions for "DailyWidget" folder in "DailyWidgetExtension" target */ = {
			isa = PBXFileSystemSynchronizedBuildFileExceptionSet;
			membershipExceptions = (
				Info.plist,
			);
			target = FD6D7EEA2D667CB50026D39D /* DailyWidgetExtension */;
		};
/* End PBXFileSystemSynchronizedBuildFileExceptionSet section */

/* Begin PBXFileSystemSynchronizedRootGroup section */
		FD6D7EEE2D667CB50026D39D /* DailyWidget */ = {
			isa = PBXFileSystemSynchronizedRootGroup;
			exceptions = (
				FD6D7EFB2D667CB60026D39D /* Exceptions for "DailyWidget" folder in "DailyWidgetExtension" target */,
			);
			path = DailyWidget;
			sourceTree = "<group>";
		};
/* End PBXFileSystemSynchronizedRootGroup section */

/* Begin PBXFrameworksBuildPhase section */
		FD292E0B2C9B248B003C18D2 /* Frameworks */ = {
			isa = PBXFrameworksBuildPhase;
			buildActionMask = 2147483647;
			files = (
				FD292E3B2C9B6318003C18D2 /* Algorithms in Frameworks */,
			);
			runOnlyForDeploymentPostprocessing = 0;
		};
		FD6D7EE82D667CB50026D39D /* Frameworks */ = {
			isa = PBXFrameworksBuildPhase;
			buildActionMask = 2147483647;
			files = (
				FD6D7EED2D667CB50026D39D /* SwiftUI.framework in Frameworks */,
				FD6D7EEC2D667CB50026D39D /* WidgetKit.framework in Frameworks */,
			);
			runOnlyForDeploymentPostprocessing = 0;
		};
/* End PBXFrameworksBuildPhase section */

/* Begin PBXGroup section */
		FD07E2532D6E537E00024B11 /* iOS */ = {
			isa = PBXGroup;
			children = (
				FDC26D9A2D3E86D500B0A97C /* CalendarViewPhone.swift */,
				FDC26DB72D3E86D500B0A97C /* DayViewPhone.swift */,
				FDC26DCA2D3E86D500B0A97C /* LineItemMiniView.swift */,
			);
			path = iOS;
			sourceTree = "<group>";
		};
		FD07E2542D6E539200024B11 /* macOS */ = {
			isa = PBXGroup;
			children = (
				FDC26D992D3E86D500B0A97C /* CalendarViewMac.swift */,
				FDC26DB62D3E86D500B0A97C /* DayViewMac.swift */,
				FDC26E0A2D3E86D500B0A97C /* ToolbarViews.swift */,
			);
			path = macOS;
			sourceTree = "<group>";
		};
		FD292E052C9B248B003C18D2 = {
			isa = PBXGroup;
			children = (
				FD6D7EFF2D667F210026D39D /* DailyWidgetExtension.entitlements */,
				FDA579372C9E6FA9004E9B60 /* PersistentModel.xcdatamodeld */,
				FDC26E102D3E86D500B0A97C /* MakeItRain */,
				FD6D7EEE2D667CB50026D39D /* DailyWidget */,
				FD6D7EC92D667B4A0026D39D /* Frameworks */,
				FD292E0F2C9B248B003C18D2 /* Products */,
				FDC26D312D3E85FC00B0A97C /* MakeItRain.xcodeproj */,
			);
			sourceTree = "<group>";
		};
		FD292E0F2C9B248B003C18D2 /* Products */ = {
			isa = PBXGroup;
			children = (
				FD292E0E2C9B248B003C18D2 /* MakeItRain.app */,
				FD6D7EEB2D667CB50026D39D /* DailyWidgetExtension.appex */,
			);
			name = Products;
			sourceTree = "<group>";
		};
		FD6D7EC92D667B4A0026D39D /* Frameworks */ = {
			isa = PBXGroup;
			children = (
				FD6D7ECA2D667B4A0026D39D /* WidgetKit.framework */,
				FD6D7ECC2D667B4A0026D39D /* SwiftUI.framework */,
			);
			name = Frameworks;
			sourceTree = "<group>";
		};
		FDB066D22D4D41EB0060568B /* Event Models */ = {
			isa = PBXGroup;
			children = (
				FDC26E982D3E9BCA00B0A97C /* EventModel.swift */,
				FDC26E942D3E935A00B0A97C /* CBEvent.swift */,
				FDC26E9E2D3ECC1900B0A97C /* CBEventParticipant.swift */,
				FDC26EA02D3F134600B0A97C /* CBEventItem.swift */,
				FDC26EA82D40175C00B0A97C /* CBEventTransaction.swift */,
				FDC26EA42D3FF61900B0A97C /* EventIdModel.swift */,
			);
			path = "Event Models";
			sourceTree = "<group>";
		};
		FDB066D32D4D420A0060568B /* Event User Stuff */ = {
			isa = PBXGroup;
			children = (
				FDC26ECD2D41792600B0A97C /* EventPendingInviteView.swift */,
				FDC26E9C2D3EA7F800B0A97C /* EventParticipantView.swift */,
				FDC26EC42D4131E000B0A97C /* UserSheet.swift */,
				FDC26ECF2D42898D00B0A97C /* EventInviteView.swift */,
			);
			path = "Event User Stuff";
			sourceTree = "<group>";
		};
		FDC26D4F2D3E85FC00B0A97C /* Products */ = {
			isa = PBXGroup;
			name = Products;
			sourceTree = "<group>";
		};
		FDC26D7A2D3E86D500B0A97C /* Authentication */ = {
			isa = PBXGroup;
			children = (
				FDC26D922D3E86D500B0A97C /* AuthState.swift */,
				FDC26DC42D3E86D500B0A97C /* KeychainManager.swift */,
				FDC26DF72D3E86D500B0A97C /* ServerCredentials.swift */,
			);
			path = Authentication;
			sourceTree = "<group>";
		};
		FDC26D7B2D3E86D500B0A97C /* Budget */ = {
			isa = PBXGroup;
			children = (
				FDC26D932D3E86D500B0A97C /* BudgetEditView.swift */,
				FDC26D942D3E86D500B0A97C /* BudgetModel.swift */,
				FDC26D952D3E86D500B0A97C /* BudgetTable.swift */,
				FDC26DA32D3E86D500B0A97C /* CBBudget.swift */,
			);
			path = Budget;
			sourceTree = "<group>";
		};
		FDC26D7C2D3E86D500B0A97C /* Calendar */ = {
			isa = PBXGroup;
			children = (
				FDC26D972D3E86D500B0A97C /* CalendarModel.swift */,
				FDE4E7D72D56AA0100A883EE /* PhotoModel.swift */,
				FD07E2542D6E539200024B11 /* macOS */,
				FD07E2532D6E537E00024B11 /* iOS */,
				FDC26DCC2D3E86D500B0A97C /* LineItemView.swift */,
				FD07E24B2D68B53500024B11 /* FitTransactionOverlay.swift */,
				FD07E24D2D68B5BE00024B11 /* DayOverview.swift */,
			);
			path = Calendar;
			sourceTree = "<group>";
		};
		FDC26D7D2D3E86D500B0A97C /* CalendarSheets */ = {
			isa = PBXGroup;
			children = (
				FDC26D982D3E86D500B0A97C /* CalendarOptionsSheet.swift */,
				FDC26D9D2D3E86D500B0A97C /* CategoryAnalysisSheet.swift */,
				FDC26DE72D3E86D500B0A97C /* PopulateMonthOptionsSheet.swift */,
				FDC26DF12D3E86D500B0A97C /* ResetMonthOptionSheet.swift */,
				FDC26DFE2D3E86D500B0A97C /* StartingAmountSheet.swift */,
				FDC26E0E2D3E86D500B0A97C /* TransferSheet.swift */,
			);
			path = CalendarSheets;
			sourceTree = "<group>";
		};
		FDC26D7E2D3E86D500B0A97C /* Categories */ = {
			isa = PBXGroup;
			children = (
				FDC26DA42D3E86D500B0A97C /* CBCategory.swift */,
				FDC26D9C2D3E86D500B0A97C /* CategoriesTable.swift */,
				FDC26D9E2D3E86D500B0A97C /* CategoryMenu.swift */,
				FDC26D9F2D3E86D500B0A97C /* CategoryModel.swift */,
				FDC26DA02D3E86D500B0A97C /* CategorySheet.swift */,
				FDC26DA12D3E86D500B0A97C /* CategorySheetButton.swift */,
				FDC26DA22D3E86D500B0A97C /* CategoryView.swift */,
				FDC26DD62D3E86D500B0A97C /* MultiCategorySheet.swift */,
			);
			path = Categories;
			sourceTree = "<group>";
		};
		FDC26D7F2D3E86D500B0A97C /* Components */ = {
			isa = PBXGroup;
			children = (
				FDC26D9B2D3E86D500B0A97C /* CameraView.swift */,
				FDC26DB12D3E86D500B0A97C /* CircleDot.swift */,
				FDC26DB22D3E86D500B0A97C /* ColorPickerButton.swift */,
				FDC26DB32D3E86D500B0A97C /* ColorPickerView.swift */,
				FDC26DB52D3E86D500B0A97C /* DayContextMenu.swift */,
				FDC26DBB2D3E86D500B0A97C /* ExcludeFromTotalsLine.swift */,
				FDC26DC32D3E86D500B0A97C /* KeyboardToolbar.swift */,
				FDC26DC92D3E86D500B0A97C /* LabeledRow.swift */,
				FDC26DD02D3E86D500B0A97C /* LogSheet.swift */,
				FDC26DD42D3E86D500B0A97C /* MenuOrListButton.swift */,
				FDC26DD72D3E86D500B0A97C /* MultiMonthSheet.swift */,
				FDC26DD92D3E86D500B0A97C /* MultiYearSheet.swift */,
				FDC26DEA2D3E86D500B0A97C /* ReminderCreator.swift */,
				FDC26DFA2D3E86D500B0A97C /* SFSafariView.swift */,
				FDC26DFB2D3E86D500B0A97C /* SheetHeader.swift */,
				FDC26DFD2D3E86D500B0A97C /* StandardDivider.swift */,
				FDC26DFF2D3E86D500B0A97C /* SymbolPicker.swift */,
				FDC26E052D3E86D500B0A97C /* Textfields.swift */,
				FDE4E7D52D56978A00A883EE /* EditorExample.swift */,
				FDC26E062D3E86D500B0A97C /* TitleColorMenu.swift */,
				FDC26E072D3E86D500B0A97C /* Toasts.swift */,
				FDC26E082D3E86D500B0A97C /* ToolbarNowButton.swift */,
				FDC26E092D3E86D500B0A97C /* ToolbarRefreshButton.swift */,
				FDB066D02D4D40C40060568B /* UIDatePicker.swift */,
				FDC26E0F2D3E86D500B0A97C /* YearPicker.swift */,
				FDE4E7D92D5A592F00A883EE /* SmartReceiptViews.swift */,
			);
			path = Components;
			sourceTree = "<group>";
		};
		FDC26D802D3E86D500B0A97C /* Events */ = {
			isa = PBXGroup;
			children = (
				FDB066D22D4D41EB0060568B /* Event Models */,
				FDB066D32D4D420A0060568B /* Event User Stuff */,
				FDC26E962D3E9B2F00B0A97C /* EventsTable.swift */,
				FDC26E9A2D3E9D5700B0A97C /* EventView.swift */,
				FDC26EA22D3FE6C100B0A97C /* EventItemView.swift */,
				FDC26EA62D40139100B0A97C /* EventTransactionView.swift */,
			);
			path = Events;
			sourceTree = "<group>";
		};
		FDC26D812D3E86D500B0A97C /* Extras */ = {
			isa = PBXGroup;
			children = (
				FDC26D962D3E86D500B0A97C /* ButtonStyles.swift */,
				FDC26DBA2D3E86D500B0A97C /* Enums.swift */,
				FDC26DBD2D3E86D500B0A97C /* Extensions+Date.swift */,
				FDC26DBC2D3E86D500B0A97C /* Extensions.swift */,
				FDC26DC12D3E86D500B0A97C /* Helpers.swift */,
				FDC26DC52D3E86D500B0A97C /* Keys.swift */,
				FDC26DD52D3E86D500B0A97C /* Modifiers.swift */,
				FDC26DE82D3E86D500B0A97C /* PreferenceKeys.swift */,
			);
			path = Extras;
			sourceTree = "<group>";
		};
		FDC26D822D3E86D500B0A97C /* Keywords */ = {
			isa = PBXGroup;
			children = (
				FDC26DA62D3E86D500B0A97C /* CBKeyword.swift */,
				FDC26DC62D3E86D500B0A97C /* KeywordModel.swift */,
				FDC26DC82D3E86D500B0A97C /* KeywordView.swift */,
				FDC26DC72D3E86D500B0A97C /* KeywordsTable.swift */,
			);
			path = Keywords;
			sourceTree = "<group>";
		};
		FDC26D832D3E86D500B0A97C /* Managers */ = {
			isa = PBXGroup;
			children = (
				FDC26DB42D3E86D500B0A97C /* DataManager.swift */,
				FDC26DCD2D3E86D500B0A97C /* LoadingManager.swift */,
				FDC26DCF2D3E86D500B0A97C /* LogManager.swift */,
				FDC26DDA2D3E86D500B0A97C /* NavigationManager.swift */,
				FDC26DDE2D3E86D500B0A97C /* NetworkManager.swift */,
				FDC26DDF2D3E86D500B0A97C /* NotificationManager.swift */,
				FDE4E8132D5BF33200A883EE /* UndodoManager.swift */,
			);
			path = Managers;
			sourceTree = "<group>";
		};
		FDC26D842D3E86D500B0A97C /* Models */ = {
			isa = PBXGroup;
			children = (
				FDC26DA52D3E86D500B0A97C /* CBDay.swift */,
				FDC26DA72D3E86D500B0A97C /* CBLog.swift */,
				FDC26DA82D3E86D500B0A97C /* CBMonth.swift */,
				FDC26DAA2D3E86D500B0A97C /* CBPicture.swift */,
				FDC26DAC2D3E86D500B0A97C /* CBStartingAmount.swift */,
				FDC26DAF2D3E86D500B0A97C /* CBTransfer.swift */,
				FDC26DB02D3E86D500B0A97C /* CBUser.swift */,
				FDC26DD12D3E86D500B0A97C /* LongPollModel.swift */,
				FDC26DE02D3E86D500B0A97C /* NotificationToken.swift */,
				FDC26DEB2D3E86D500B0A97C /* RepeatingAndBudgetSubmissionModel.swift */,
				FDC26DEF2D3E86D500B0A97C /* RequestModel.swift */,
				FDC26DF02D3E86D500B0A97C /* ResetMonthModel.swift */,
			);
			path = Models;
			sourceTree = "<group>";
		};
		FDC26D852D3E86D500B0A97C /* Payment Methods */ = {
			isa = PBXGroup;
			children = (
				FDC26DA92D3E86D500B0A97C /* CBPaymentMethod.swift */,
				FDC26DD82D3E86D500B0A97C /* MultiPaymentMethodSheet.swift */,
				FDC26DE42D3E86D500B0A97C /* PayMethodModel.swift */,
				FDC26DE62D3E86D500B0A97C /* PayMethodView.swift */,
				FDC26DE52D3E86D500B0A97C /* PayMethodsTable.swift */,
				FDC26DE12D3E86D500B0A97C /* PaymentMethodMenu.swift */,
				FDC26DE22D3E86D500B0A97C /* PaymentMethodSheet.swift */,
				FDC26DE32D3E86D500B0A97C /* PaymentMethodSheetButton.swift */,
			);
			path = "Payment Methods";
			sourceTree = "<group>";
		};
		FDC26D862D3E86D500B0A97C /* Preview Content */ = {
			isa = PBXGroup;
			children = (
				FDC26DE92D3E86D500B0A97C /* Preview Assets.xcassets */,
			);
			path = "Preview Content";
			sourceTree = "<group>";
		};
		FDC26D872D3E86D500B0A97C /* Repeating Transactions */ = {
			isa = PBXGroup;
			children = (
				FDC26DAB2D3E86D500B0A97C /* CBRepeatingTransaction.swift */,
				FDC26DEC2D3E86D500B0A97C /* RepeatingTransactionModel.swift */,
				FDC26DEE2D3E86D500B0A97C /* RepeatingTransactionView.swift */,
				FDC26DED2D3E86D500B0A97C /* RepeatingTransactionsTable.swift */,
			);
			path = "Repeating Transactions";
			sourceTree = "<group>";
		};
		FDC26D882D3E86D500B0A97C /* Root */ = {
			isa = PBXGroup;
			children = (
				FDC26DBF2D3E86D500B0A97C /* FuncModel.swift */,
				FDC26DF22D3E86D500B0A97C /* RootView.swift */,
				FDC26DF32D3E86D500B0A97C /* RootViewFunctions.swift */,
				FDC26DF42D3E86D500B0A97C /* RootViewMac.swift */,
				FDC26DF62D3E86D500B0A97C /* RootViewPhone.swift */,
				FDC26DDB2D3E86D500B0A97C /* NavLinkMac.swift */,
				FDC26DDC2D3E86D500B0A97C /* NavLinkPhone.swift */,
				FDC26DDD2D3E86D500B0A97C /* NavSidebarPhone.swift */,
			);
			path = Root;
			sourceTree = "<group>";
		};
		FDC26D892D3E86D500B0A97C /* Tags */ = {
			isa = PBXGroup;
			children = (
				FDC26DAD2D3E86D500B0A97C /* CBTag.swift */,
				FDC26E002D3E86D500B0A97C /* TagLayout.swift */,
				FDC26E012D3E86D500B0A97C /* TagModel.swift */,
				FDC26E032D3E86D500B0A97C /* TagView.swift */,
			);
			path = Tags;
			sourceTree = "<group>";
		};
		FDC26D8A2D3E86D500B0A97C /* Transaction */ = {
			isa = PBXGroup;
			children = (
				FDC26DAE2D3E86D500B0A97C /* CBTransaction.swift */,
				FD6D7F022D66CD0A0026D39D /* CBFitTransaction.swift */,
				FDC26E042D3E86D500B0A97C /* TempTransactionList.swift */,
				FDC26E0B2D3E86D500B0A97C /* TransactionContextMenu.swift */,
				FDC26E0C2D3E86D500B0A97C /* TransactionEditView.swift */,
				FDC26E0D2D3E86D500B0A97C /* TransactionListLine.swift */,
			);
			path = Transaction;
			sourceTree = "<group>";
		};
		FDC26D8B2D3E86D500B0A97C /* Views */ = {
			isa = PBXGroup;
			children = (
				FDC26DCE2D3E86D500B0A97C /* Login.swift */,
				FDC26DB92D3E86D500B0A97C /* DollarParticalEmitterView.swift */,
				FDC26D8C2D3E86D500B0A97C /* AdvancedSearchView.swift */,
				FDC26DFC2D3E86D500B0A97C /* SplashScreen.swift */,
				FDC26DF82D3E86D500B0A97C /* SettingsView.swift */,
				FDC26DF92D3E86D500B0A97C /* SettingsViewInsert.swift */,
			);
			path = Views;
			sourceTree = "<group>";
		};
		FDC26E102D3E86D500B0A97C /* MakeItRain */ = {
			isa = PBXGroup;
			children = (
				FDC26DD32D3E86D500B0A97C /* MakeItRainApp.swift */,
				FD6D7F002D6682AB0026D39D /* NewTransactionAppIntent.swift */,
				FDC26D8D2D3E86D500B0A97C /* AppDelegate.swift */,
				FDC26D8E2D3E86D500B0A97C /* AppState.swift */,
				FDC26D8F2D3E86D500B0A97C /* AppTips.swift */,
				FDC26D882D3E86D500B0A97C /* Root */,
				FDC26D7A2D3E86D500B0A97C /* Authentication */,
				FDC26D7B2D3E86D500B0A97C /* Budget */,
				FDC26D7C2D3E86D500B0A97C /* Calendar */,
				FDC26D7D2D3E86D500B0A97C /* CalendarSheets */,
				FDC26D7E2D3E86D500B0A97C /* Categories */,
				FDC26D7F2D3E86D500B0A97C /* Components */,
				FDC26D802D3E86D500B0A97C /* Events */,
				FDC26D812D3E86D500B0A97C /* Extras */,
				FDC26D822D3E86D500B0A97C /* Keywords */,
				FDC26D832D3E86D500B0A97C /* Managers */,
				FDC26D842D3E86D500B0A97C /* Models */,
				FDC26D852D3E86D500B0A97C /* Payment Methods */,
				FDC26D862D3E86D500B0A97C /* Preview Content */,
				FDC26D872D3E86D500B0A97C /* Repeating Transactions */,
				FDC26D892D3E86D500B0A97C /* Tags */,
				FDC26D8A2D3E86D500B0A97C /* Transaction */,
				FDC26D8B2D3E86D500B0A97C /* Views */,
				FDC26EC62D413B7700B0A97C /* XREF */,
				FDC26D902D3E86D500B0A97C /* Assets.xcassets */,
				FDC26D912D3E86D500B0A97C /* Assets 2.xcassets */,
				FDC26DB82D3E86D500B0A97C /* DollarPartical.sks */,
				FDC26DC02D3E86D500B0A97C /* gitignore */,
				FDC26DC22D3E86D500B0A97C /* Info.plist */,
				FDC26DD22D3E86D500B0A97C /* MakeItRain.entitlements */,
			);
			path = MakeItRain;
			sourceTree = "<group>";
		};
		FDC26EC62D413B7700B0A97C /* XREF */ = {
			isa = PBXGroup;
			children = (
				FDC26EC72D413B8900B0A97C /* XrefModel.swift */,
			);
			path = XREF;
			sourceTree = "<group>";
		};
/* End PBXGroup section */

/* Begin PBXNativeTarget section */
		FD292E0D2C9B248B003C18D2 /* MakeItRain */ = {
			isa = PBXNativeTarget;
			buildConfigurationList = FD292E1D2C9B248C003C18D2 /* Build configuration list for PBXNativeTarget "MakeItRain" */;
			buildPhases = (
				FD292E0A2C9B248B003C18D2 /* Sources */,
				FD292E0B2C9B248B003C18D2 /* Frameworks */,
				FD292E0C2C9B248B003C18D2 /* Resources */,
				FD6D7EDD2D667B4B0026D39D /* Embed Foundation Extensions */,
			);
			buildRules = (
			);
			dependencies = (
				FD6D7EF92D667CB60026D39D /* PBXTargetDependency */,
			);
			name = MakeItRain;
			packageProductDependencies = (
				FD292E3A2C9B6318003C18D2 /* Algorithms */,
			);
			productName = MakeItRain;
			productReference = FD292E0E2C9B248B003C18D2 /* MakeItRain.app */;
			productType = "com.apple.product-type.application";
		};
		FD6D7EEA2D667CB50026D39D /* DailyWidgetExtension */ = {
			isa = PBXNativeTarget;
			buildConfigurationList = FD6D7EFC2D667CB60026D39D /* Build configuration list for PBXNativeTarget "DailyWidgetExtension" */;
			buildPhases = (
				FD6D7EE72D667CB50026D39D /* Sources */,
				FD6D7EE82D667CB50026D39D /* Frameworks */,
				FD6D7EE92D667CB50026D39D /* Resources */,
			);
			buildRules = (
			);
			dependencies = (
			);
			fileSystemSynchronizedGroups = (
				FD6D7EEE2D667CB50026D39D /* DailyWidget */,
			);
			name = DailyWidgetExtension;
			packageProductDependencies = (
			);
			productName = DailyWidgetExtension;
			productReference = FD6D7EEB2D667CB50026D39D /* DailyWidgetExtension.appex */;
			productType = "com.apple.product-type.app-extension";
		};
/* End PBXNativeTarget section */

/* Begin PBXProject section */
		FD292E062C9B248B003C18D2 /* Project object */ = {
			isa = PBXProject;
			attributes = {
				BuildIndependentTargetsInParallel = 1;
				LastSwiftUpdateCheck = 1620;
				LastUpgradeCheck = 1620;
				TargetAttributes = {
					FD292E0D2C9B248B003C18D2 = {
						CreatedOnToolsVersion = 16.0;
						LastSwiftMigration = 1620;
					};
					FD6D7EEA2D667CB50026D39D = {
						CreatedOnToolsVersion = 16.2;
					};
				};
			};
			buildConfigurationList = FD292E092C9B248B003C18D2 /* Build configuration list for PBXProject "MakeItRain" */;
			developmentRegion = en;
			hasScannedForEncodings = 0;
			knownRegions = (
				en,
				Base,
			);
			mainGroup = FD292E052C9B248B003C18D2;
			minimizedProjectReferenceProxies = 1;
			packageReferences = (
				FD292E392C9B6318003C18D2 /* XCRemoteSwiftPackageReference "swift-algorithms" */,
			);
			preferredProjectObjectVersion = 77;
			productRefGroup = FD292E0F2C9B248B003C18D2 /* Products */;
			projectDirPath = "";
			projectReferences = (
				{
					ProductGroup = FDC26D4F2D3E85FC00B0A97C /* Products */;
					ProjectRef = FDC26D312D3E85FC00B0A97C /* MakeItRain.xcodeproj */;
				},
			);
			projectRoot = "";
			targets = (
				FD292E0D2C9B248B003C18D2 /* MakeItRain */,
				FD6D7EEA2D667CB50026D39D /* DailyWidgetExtension */,
			);
		};
/* End PBXProject section */

/* Begin PBXResourcesBuildPhase section */
		FD292E0C2C9B248B003C18D2 /* Resources */ = {
			isa = PBXResourcesBuildPhase;
			buildActionMask = 2147483647;
			files = (
				FDC26E8E2D3E86D500B0A97C /* Preview Assets.xcassets in Resources */,
				FDC26E8F2D3E86D500B0A97C /* Assets 2.xcassets in Resources */,
				FDC26E902D3E86D500B0A97C /* DollarPartical.sks in Resources */,
				FDC26E912D3E86D500B0A97C /* Assets.xcassets in Resources */,
				FDC26E922D3E86D500B0A97C /* gitignore in Resources */,
			);
			runOnlyForDeploymentPostprocessing = 0;
		};
		FD6D7EE92D667CB50026D39D /* Resources */ = {
			isa = PBXResourcesBuildPhase;
			buildActionMask = 2147483647;
			files = (
			);
			runOnlyForDeploymentPostprocessing = 0;
		};
/* End PBXResourcesBuildPhase section */

/* Begin PBXSourcesBuildPhase section */
		FD292E0A2C9B248B003C18D2 /* Sources */ = {
			isa = PBXSourcesBuildPhase;
			buildActionMask = 2147483647;
			files = (
				FD07E24C2D68B53500024B11 /* FitTransactionOverlay.swift in Sources */,
				FDC26E112D3E86D500B0A97C /* DollarParticalEmitterView.swift in Sources */,
				FDC26E122D3E86D500B0A97C /* RootViewMac.swift in Sources */,
				FDC26E132D3E86D500B0A97C /* CBBudget.swift in Sources */,
				FDC26E142D3E86D500B0A97C /* KeywordsTable.swift in Sources */,
				FDC26E152D3E86D500B0A97C /* Modifiers.swift in Sources */,
				FDE4E7D62D56978A00A883EE /* EditorExample.swift in Sources */,
				FDC26E162D3E86D500B0A97C /* MultiMonthSheet.swift in Sources */,
				FDC26E172D3E86D500B0A97C /* PayMethodModel.swift in Sources */,
				FDC26E9B2D3E9D5700B0A97C /* EventView.swift in Sources */,
				FDC26E182D3E86D500B0A97C /* PreferenceKeys.swift in Sources */,
				FDC26E9F2D3ECC1900B0A97C /* CBEventParticipant.swift in Sources */,
				FDC26E192D3E86D500B0A97C /* AppDelegate.swift in Sources */,
				FDC26EA12D3F134600B0A97C /* CBEventItem.swift in Sources */,
				FDC26E1A2D3E86D500B0A97C /* LabeledRow.swift in Sources */,
				FDC26E1B2D3E86D500B0A97C /* Keys.swift in Sources */,
				FDC26E1C2D3E86D500B0A97C /* LoadingManager.swift in Sources */,
				FDC26E1D2D3E86D500B0A97C /* TagView.swift in Sources */,
				FDC26E1E2D3E86D500B0A97C /* MultiYearSheet.swift in Sources */,
				FDC26ECE2D41792600B0A97C /* EventPendingInviteView.swift in Sources */,
				FDC26E1F2D3E86D500B0A97C /* CBMonth.swift in Sources */,
				FDC26E202D3E86D500B0A97C /* TransactionEditView.swift in Sources */,
				FDC26E212D3E86D500B0A97C /* RepeatingTransactionModel.swift in Sources */,
				FDC26E222D3E86D500B0A97C /* RepeatingTransactionView.swift in Sources */,
				FDC26E232D3E86D500B0A97C /* CameraView.swift in Sources */,
				FDC26E242D3E86D500B0A97C /* NotificationToken.swift in Sources */,
				FDC26E252D3E86D500B0A97C /* CategorySheetButton.swift in Sources */,
				FDC26E262D3E86D500B0A97C /* NetworkManager.swift in Sources */,
				FDC26E272D3E86D500B0A97C /* SettingsView.swift in Sources */,
				FDC26E282D3E86D500B0A97C /* PaymentMethodSheet.swift in Sources */,
				FDC26E292D3E86D500B0A97C /* LogManager.swift in Sources */,
				FDC26E2A2D3E86D500B0A97C /* SFSafariView.swift in Sources */,
				FDC26E972D3E9B2F00B0A97C /* EventsTable.swift in Sources */,
				FDC26E2C2D3E86D500B0A97C /* ToolbarRefreshButton.swift in Sources */,
				FDC26E2E2D3E86D500B0A97C /* ReminderCreator.swift in Sources */,
				FDC26E2F2D3E86D500B0A97C /* CBPaymentMethod.swift in Sources */,
				FDC26E302D3E86D500B0A97C /* MakeItRainApp.swift in Sources */,
				FDC26E312D3E86D500B0A97C /* AdvancedSearchView.swift in Sources */,
				FDC26E322D3E86D500B0A97C /* ExcludeFromTotalsLine.swift in Sources */,
				FDC26E332D3E86D500B0A97C /* AppState.swift in Sources */,
				FDC26E342D3E86D500B0A97C /* TransferSheet.swift in Sources */,
				FDC26E352D3E86D500B0A97C /* AuthState.swift in Sources */,
				FDC26E362D3E86D500B0A97C /* SheetHeader.swift in Sources */,
				FDC26E372D3E86D500B0A97C /* DataManager.swift in Sources */,
				FDC26E9D2D3EA7F800B0A97C /* EventParticipantView.swift in Sources */,
				FDC26E382D3E86D500B0A97C /* ButtonStyles.swift in Sources */,
				FDC26E392D3E86D500B0A97C /* ToolbarNowButton.swift in Sources */,
				FDC26E3A2D3E86D500B0A97C /* StartingAmountSheet.swift in Sources */,
				FDC26E3B2D3E86D500B0A97C /* ResetMonthOptionSheet.swift in Sources */,
				FDC26E3C2D3E86D500B0A97C /* BudgetModel.swift in Sources */,
				FDC26E3D2D3E86D500B0A97C /* CBPicture.swift in Sources */,
				FD07E24E2D68B5BE00024B11 /* DayOverview.swift in Sources */,
				FDC26E3E2D3E86D500B0A97C /* KeychainManager.swift in Sources */,
				FDC26E3F2D3E86D500B0A97C /* Login.swift in Sources */,
				FDC26E402D3E86D500B0A97C /* CircleDot.swift in Sources */,
				FDC26E412D3E86D500B0A97C /* CBRepeatingTransaction.swift in Sources */,
				FDC26E422D3E86D500B0A97C /* Enums.swift in Sources */,
				FDC26E432D3E86D500B0A97C /* CBKeyword.swift in Sources */,
				FDC26E442D3E86D500B0A97C /* CBTransaction.swift in Sources */,
				FDC26E452D3E86D500B0A97C /* PaymentMethodMenu.swift in Sources */,
				FDC26EC82D413B8900B0A97C /* XrefModel.swift in Sources */,
				FD6D7F012D6682AB0026D39D /* NewTransactionAppIntent.swift in Sources */,
				FDB066D12D4D40C40060568B /* UIDatePicker.swift in Sources */,
				FDC26E462D3E86D500B0A97C /* Toasts.swift in Sources */,
				FDC26EC52D4131E000B0A97C /* UserSheet.swift in Sources */,
				FDC26E472D3E86D500B0A97C /* CalendarViewMac.swift in Sources */,
				FDC26E482D3E86D500B0A97C /* CalendarViewPhone.swift in Sources */,
				FDC26E492D3E86D500B0A97C /* Helpers.swift in Sources */,
				FDC26E4A2D3E86D500B0A97C /* MultiPaymentMethodSheet.swift in Sources */,
				FDC26EA72D40139100B0A97C /* EventTransactionView.swift in Sources */,
				FDC26E4B2D3E86D500B0A97C /* RepeatingTransactionsTable.swift in Sources */,
				FDC26E4C2D3E86D500B0A97C /* ResetMonthModel.swift in Sources */,
				FDC26E4D2D3E86D500B0A97C /* CBTransfer.swift in Sources */,
				FDC26E4E2D3E86D500B0A97C /* KeyboardToolbar.swift in Sources */,
				FDC26E4F2D3E86D500B0A97C /* ColorPickerView.swift in Sources */,
				FDC26E502D3E86D500B0A97C /* SplashScreen.swift in Sources */,
				FDC26E512D3E86D500B0A97C /* CBCategory.swift in Sources */,
				FDC26E952D3E935A00B0A97C /* CBEvent.swift in Sources */,
				FDC26E522D3E86D500B0A97C /* LineItemView.swift in Sources */,
				FDC26E532D3E86D500B0A97C /* TitleColorMenu.swift in Sources */,
				FDC26E542D3E86D500B0A97C /* NavLinkPhone.swift in Sources */,
				FDC26E552D3E86D500B0A97C /* RootViewPhone.swift in Sources */,
				FDE4E7DA2D5A592F00A883EE /* SmartReceiptViews.swift in Sources */,
				FDC26E562D3E86D500B0A97C /* CBLog.swift in Sources */,
				FDC26E572D3E86D500B0A97C /* DayViewMac.swift in Sources */,
				FDC26E582D3E86D500B0A97C /* MultiCategorySheet.swift in Sources */,
				FDC26E592D3E86D500B0A97C /* CategoriesTable.swift in Sources */,
				FDC26E5A2D3E86D500B0A97C /* PayMethodsTable.swift in Sources */,
				FDC26E5B2D3E86D500B0A97C /* KeywordView.swift in Sources */,
				FDC26E5E2D3E86D500B0A97C /* NavigationManager.swift in Sources */,
				FDC26E5F2D3E86D500B0A97C /* NotificationManager.swift in Sources */,
				FDE4E8142D5BF33200A883EE /* UndodoManager.swift in Sources */,
				FDC26E602D3E86D500B0A97C /* SymbolPicker.swift in Sources */,
				FDC26E612D3E86D500B0A97C /* DayViewPhone.swift in Sources */,
				FDC26E622D3E86D500B0A97C /* AppTips.swift in Sources */,
				FDC26E632D3E86D500B0A97C /* StandardDivider.swift in Sources */,
				FDC26E642D3E86D500B0A97C /* KeywordModel.swift in Sources */,
				FDC26E652D3E86D500B0A97C /* LineItemMiniView.swift in Sources */,
				FDC26EA92D40175C00B0A97C /* CBEventTransaction.swift in Sources */,
				FDC26E662D3E86D500B0A97C /* CategorySheet.swift in Sources */,
				FDC26ED02D42898D00B0A97C /* EventInviteView.swift in Sources */,
				FDC26E672D3E86D500B0A97C /* RootView.swift in Sources */,
				FDC26E682D3E86D500B0A97C /* RootViewFunctions.swift in Sources */,
				FDC26E692D3E86D500B0A97C /* TagModel.swift in Sources */,
				FDC26E6A2D3E86D500B0A97C /* SettingsViewInsert.swift in Sources */,
				FDC26E6B2D3E86D500B0A97C /* PayMethodView.swift in Sources */,
				FDC26E6C2D3E86D500B0A97C /* CalendarOptionsSheet.swift in Sources */,
				FDC26E6D2D3E86D500B0A97C /* BudgetEditView.swift in Sources */,
				FDC26E6E2D3E86D500B0A97C /* TransactionListLine.swift in Sources */,
				FDC26E6F2D3E86D500B0A97C /* ColorPickerButton.swift in Sources */,
				FDC26E702D3E86D500B0A97C /* PopulateMonthOptionsSheet.swift in Sources */,
				FDC26E712D3E86D500B0A97C /* MenuOrListButton.swift in Sources */,
				FDC26E722D3E86D500B0A97C /* CBTag.swift in Sources */,
				FDC26E732D3E86D500B0A97C /* Extensions+Date.swift in Sources */,
				FDC26E742D3E86D500B0A97C /* BudgetTable.swift in Sources */,
				FDC26E752D3E86D500B0A97C /* Extensions.swift in Sources */,
				FDC26E762D3E86D500B0A97C /* LongPollModel.swift in Sources */,
				FDC26E772D3E86D500B0A97C /* CBDay.swift in Sources */,
				FDC26E782D3E86D500B0A97C /* TagLayout.swift in Sources */,
				FDC26E792D3E86D500B0A97C /* CategoryView.swift in Sources */,
				FDC26E7A2D3E86D500B0A97C /* ToolbarViews.swift in Sources */,
				FDE4E7D82D56AA0100A883EE /* PhotoModel.swift in Sources */,
				FDC26E7B2D3E86D500B0A97C /* YearPicker.swift in Sources */,
				FDC26E7C2D3E86D500B0A97C /* NavSidebarPhone.swift in Sources */,
				FDC26E7D2D3E86D500B0A97C /* CBStartingAmount.swift in Sources */,
				FDC26E7E2D3E86D500B0A97C /* CategoryModel.swift in Sources */,
				FDC26E992D3E9BCA00B0A97C /* EventModel.swift in Sources */,
				FDC26E7F2D3E86D500B0A97C /* DayContextMenu.swift in Sources */,
				FDC26E802D3E86D500B0A97C /* LogSheet.swift in Sources */,
				FDC26E812D3E86D500B0A97C /* CBUser.swift in Sources */,
				FDC26E822D3E86D500B0A97C /* PaymentMethodSheetButton.swift in Sources */,
				FDC26E832D3E86D500B0A97C /* ServerCredentials.swift in Sources */,
				FDC26E842D3E86D500B0A97C /* NavLinkMac.swift in Sources */,
				FDC26E852D3E86D500B0A97C /* CategoryMenu.swift in Sources */,
				FDC26E862D3E86D500B0A97C /* TransactionContextMenu.swift in Sources */,
				FDC26E872D3E86D500B0A97C /* FuncModel.swift in Sources */,
				FDC26E882D3E86D500B0A97C /* TempTransactionList.swift in Sources */,
				FDC26E892D3E86D500B0A97C /* Textfields.swift in Sources */,
				FDC26EA32D3FE6C100B0A97C /* EventItemView.swift in Sources */,
				FDC26E8A2D3E86D500B0A97C /* RequestModel.swift in Sources */,
				FDC26E8B2D3E86D500B0A97C /* RepeatingAndBudgetSubmissionModel.swift in Sources */,
				FDC26EA52D3FF61900B0A97C /* EventIdModel.swift in Sources */,
				FD6D7F032D66CD0A0026D39D /* CBFitTransaction.swift in Sources */,
				FDC26E8C2D3E86D500B0A97C /* CalendarModel.swift in Sources */,
				FDC26E8D2D3E86D500B0A97C /* CategoryAnalysisSheet.swift in Sources */,
				FDA579392C9E6FA9004E9B60 /* PersistentModel.xcdatamodeld in Sources */,
			);
			runOnlyForDeploymentPostprocessing = 0;
		};
		FD6D7EE72D667CB50026D39D /* Sources */ = {
			isa = PBXSourcesBuildPhase;
			buildActionMask = 2147483647;
			files = (
			);
			runOnlyForDeploymentPostprocessing = 0;
		};
/* End PBXSourcesBuildPhase section */

/* Begin PBXTargetDependency section */
		FD6D7EF92D667CB60026D39D /* PBXTargetDependency */ = {
			isa = PBXTargetDependency;
			platformFilter = ios;
			target = FD6D7EEA2D667CB50026D39D /* DailyWidgetExtension */;
			targetProxy = FD6D7EF82D667CB60026D39D /* PBXContainerItemProxy */;
		};
/* End PBXTargetDependency section */

/* Begin XCBuildConfiguration section */
		FD292E1B2C9B248C003C18D2 /* Debug */ = {
			isa = XCBuildConfiguration;
			buildSettings = {
				ALWAYS_SEARCH_USER_PATHS = NO;
				ASSETCATALOG_COMPILER_GENERATE_SWIFT_ASSET_SYMBOL_EXTENSIONS = YES;
				CLANG_ANALYZER_NONNULL = YES;
				CLANG_ANALYZER_NUMBER_OBJECT_CONVERSION = YES_AGGRESSIVE;
				CLANG_CXX_LANGUAGE_STANDARD = "gnu++20";
				CLANG_ENABLE_MODULES = YES;
				CLANG_ENABLE_OBJC_ARC = YES;
				CLANG_ENABLE_OBJC_WEAK = YES;
				CLANG_WARN_BLOCK_CAPTURE_AUTORELEASING = YES;
				CLANG_WARN_BOOL_CONVERSION = YES;
				CLANG_WARN_COMMA = YES;
				CLANG_WARN_CONSTANT_CONVERSION = YES;
				CLANG_WARN_DEPRECATED_OBJC_IMPLEMENTATIONS = YES;
				CLANG_WARN_DIRECT_OBJC_ISA_USAGE = YES_ERROR;
				CLANG_WARN_DOCUMENTATION_COMMENTS = YES;
				CLANG_WARN_EMPTY_BODY = YES;
				CLANG_WARN_ENUM_CONVERSION = YES;
				CLANG_WARN_INFINITE_RECURSION = YES;
				CLANG_WARN_INT_CONVERSION = YES;
				CLANG_WARN_NON_LITERAL_NULL_CONVERSION = YES;
				CLANG_WARN_OBJC_IMPLICIT_RETAIN_SELF = YES;
				CLANG_WARN_OBJC_LITERAL_CONVERSION = YES;
				CLANG_WARN_OBJC_ROOT_CLASS = YES_ERROR;
				CLANG_WARN_QUOTED_INCLUDE_IN_FRAMEWORK_HEADER = YES;
				CLANG_WARN_RANGE_LOOP_ANALYSIS = YES;
				CLANG_WARN_STRICT_PROTOTYPES = YES;
				CLANG_WARN_SUSPICIOUS_MOVE = YES;
				CLANG_WARN_UNGUARDED_AVAILABILITY = YES_AGGRESSIVE;
				CLANG_WARN_UNREACHABLE_CODE = YES;
				CLANG_WARN__DUPLICATE_METHOD_MATCH = YES;
				COPY_PHASE_STRIP = NO;
				DEAD_CODE_STRIPPING = YES;
				DEBUG_INFORMATION_FORMAT = dwarf;
				ENABLE_STRICT_OBJC_MSGSEND = YES;
				ENABLE_TESTABILITY = YES;
				ENABLE_USER_SCRIPT_SANDBOXING = YES;
				GCC_C_LANGUAGE_STANDARD = gnu17;
				GCC_DYNAMIC_NO_PIC = NO;
				GCC_NO_COMMON_BLOCKS = YES;
				GCC_OPTIMIZATION_LEVEL = 0;
				GCC_PREPROCESSOR_DEFINITIONS = (
					"DEBUG=1",
					"$(inherited)",
				);
				GCC_WARN_64_TO_32_BIT_CONVERSION = YES;
				GCC_WARN_ABOUT_RETURN_TYPE = YES_ERROR;
				GCC_WARN_UNDECLARED_SELECTOR = YES;
				GCC_WARN_UNINITIALIZED_AUTOS = YES_AGGRESSIVE;
				GCC_WARN_UNUSED_FUNCTION = YES;
				GCC_WARN_UNUSED_VARIABLE = YES;
				LOCALIZATION_PREFERS_STRING_CATALOGS = YES;
				MTL_ENABLE_DEBUG_INFO = INCLUDE_SOURCE;
				MTL_FAST_MATH = YES;
				ONLY_ACTIVE_ARCH = YES;
				SWIFT_ACTIVE_COMPILATION_CONDITIONS = "DEBUG $(inherited)";
				SWIFT_OPTIMIZATION_LEVEL = "-Onone";
			};
			name = Debug;
		};
		FD292E1C2C9B248C003C18D2 /* Release */ = {
			isa = XCBuildConfiguration;
			buildSettings = {
				ALWAYS_SEARCH_USER_PATHS = NO;
				ASSETCATALOG_COMPILER_GENERATE_SWIFT_ASSET_SYMBOL_EXTENSIONS = YES;
				CLANG_ANALYZER_NONNULL = YES;
				CLANG_ANALYZER_NUMBER_OBJECT_CONVERSION = YES_AGGRESSIVE;
				CLANG_CXX_LANGUAGE_STANDARD = "gnu++20";
				CLANG_ENABLE_MODULES = YES;
				CLANG_ENABLE_OBJC_ARC = YES;
				CLANG_ENABLE_OBJC_WEAK = YES;
				CLANG_WARN_BLOCK_CAPTURE_AUTORELEASING = YES;
				CLANG_WARN_BOOL_CONVERSION = YES;
				CLANG_WARN_COMMA = YES;
				CLANG_WARN_CONSTANT_CONVERSION = YES;
				CLANG_WARN_DEPRECATED_OBJC_IMPLEMENTATIONS = YES;
				CLANG_WARN_DIRECT_OBJC_ISA_USAGE = YES_ERROR;
				CLANG_WARN_DOCUMENTATION_COMMENTS = YES;
				CLANG_WARN_EMPTY_BODY = YES;
				CLANG_WARN_ENUM_CONVERSION = YES;
				CLANG_WARN_INFINITE_RECURSION = YES;
				CLANG_WARN_INT_CONVERSION = YES;
				CLANG_WARN_NON_LITERAL_NULL_CONVERSION = YES;
				CLANG_WARN_OBJC_IMPLICIT_RETAIN_SELF = YES;
				CLANG_WARN_OBJC_LITERAL_CONVERSION = YES;
				CLANG_WARN_OBJC_ROOT_CLASS = YES_ERROR;
				CLANG_WARN_QUOTED_INCLUDE_IN_FRAMEWORK_HEADER = YES;
				CLANG_WARN_RANGE_LOOP_ANALYSIS = YES;
				CLANG_WARN_STRICT_PROTOTYPES = YES;
				CLANG_WARN_SUSPICIOUS_MOVE = YES;
				CLANG_WARN_UNGUARDED_AVAILABILITY = YES_AGGRESSIVE;
				CLANG_WARN_UNREACHABLE_CODE = YES;
				CLANG_WARN__DUPLICATE_METHOD_MATCH = YES;
				COPY_PHASE_STRIP = NO;
				DEAD_CODE_STRIPPING = YES;
				DEBUG_INFORMATION_FORMAT = "dwarf-with-dsym";
				ENABLE_NS_ASSERTIONS = NO;
				ENABLE_STRICT_OBJC_MSGSEND = YES;
				ENABLE_USER_SCRIPT_SANDBOXING = YES;
				GCC_C_LANGUAGE_STANDARD = gnu17;
				GCC_NO_COMMON_BLOCKS = YES;
				GCC_WARN_64_TO_32_BIT_CONVERSION = YES;
				GCC_WARN_ABOUT_RETURN_TYPE = YES_ERROR;
				GCC_WARN_UNDECLARED_SELECTOR = YES;
				GCC_WARN_UNINITIALIZED_AUTOS = YES_AGGRESSIVE;
				GCC_WARN_UNUSED_FUNCTION = YES;
				GCC_WARN_UNUSED_VARIABLE = YES;
				LOCALIZATION_PREFERS_STRING_CATALOGS = YES;
				MTL_ENABLE_DEBUG_INFO = NO;
				MTL_FAST_MATH = YES;
				SWIFT_COMPILATION_MODE = wholemodule;
			};
			name = Release;
		};
		FD292E1E2C9B248C003C18D2 /* Debug */ = {
			isa = XCBuildConfiguration;
			buildSettings = {
				ASSETCATALOG_COMPILER_APPICON_NAME = AppIcon;
				ASSETCATALOG_COMPILER_GLOBAL_ACCENT_COLOR_NAME = AccentColor;
				CLANG_ENABLE_MODULES = YES;
				CODE_SIGN_ENTITLEMENTS = MakeItRain/MakeItRain.entitlements;
				CODE_SIGN_STYLE = Automatic;
				CURRENT_PROJECT_VERSION = 1;
				DEAD_CODE_STRIPPING = YES;
				DEVELOPMENT_ASSET_PATHS = "\"MakeItRain/Preview Content\"";
				DEVELOPMENT_TEAM = N83B9B3ZN6;
				ENABLE_HARDENED_RUNTIME = YES;
				ENABLE_PREVIEWS = YES;
				GENERATE_INFOPLIST_FILE = YES;
				INFOPLIST_FILE = MakeItRain/Info.plist;
				INFOPLIST_KEY_LSApplicationCategoryType = "public.app-category.finance";
				INFOPLIST_KEY_NSCameraUsageDescription = "Take photos for transactions";
				INFOPLIST_KEY_NSFaceIDUsageDescription = "Secure your transactions";
				INFOPLIST_KEY_NSPhotoLibraryUsageDescription = "Access photos to be able to upload pictures of receipts";
				"INFOPLIST_KEY_UIApplicationSceneManifest_Generation[sdk=iphoneos*]" = YES;
				"INFOPLIST_KEY_UIApplicationSceneManifest_Generation[sdk=iphonesimulator*]" = YES;
				"INFOPLIST_KEY_UIApplicationSupportsIndirectInputEvents[sdk=iphoneos*]" = YES;
				"INFOPLIST_KEY_UIApplicationSupportsIndirectInputEvents[sdk=iphonesimulator*]" = YES;
				"INFOPLIST_KEY_UILaunchScreen_Generation[sdk=iphoneos*]" = YES;
				"INFOPLIST_KEY_UILaunchScreen_Generation[sdk=iphonesimulator*]" = YES;
				"INFOPLIST_KEY_UIStatusBarStyle[sdk=iphoneos*]" = UIStatusBarStyleDefault;
				"INFOPLIST_KEY_UIStatusBarStyle[sdk=iphonesimulator*]" = UIStatusBarStyleDefault;
				INFOPLIST_KEY_UISupportedInterfaceOrientations = "UIInterfaceOrientationLandscapeLeft UIInterfaceOrientationLandscapeRight UIInterfaceOrientationPortrait UIInterfaceOrientationPortraitUpsideDown";
				IPHONEOS_DEPLOYMENT_TARGET = 18.0;
				LD_RUNPATH_SEARCH_PATHS = "@executable_path/Frameworks";
				"LD_RUNPATH_SEARCH_PATHS[sdk=macosx*]" = "@executable_path/../Frameworks";
				MACOSX_DEPLOYMENT_TARGET = 15.0;
				MARKETING_VERSION = 1.0;
				PRODUCT_BUNDLE_IDENTIFIER = com.codyburnett.MakeItRain;
				PRODUCT_NAME = "$(TARGET_NAME)";
				SDKROOT = auto;
				SUPPORTED_PLATFORMS = "iphoneos iphonesimulator macosx xros xrsimulator";
				SUPPORTS_MACCATALYST = NO;
				SWIFT_EMIT_LOC_STRINGS = YES;
				SWIFT_OPTIMIZATION_LEVEL = "-Onone";
				SWIFT_VERSION = 5.0;
				TARGETED_DEVICE_FAMILY = "1,2,7";
				XROS_DEPLOYMENT_TARGET = 2.0;
			};
			name = Debug;
		};
		FD292E1F2C9B248C003C18D2 /* Release */ = {
			isa = XCBuildConfiguration;
			buildSettings = {
				ASSETCATALOG_COMPILER_APPICON_NAME = AppIcon;
				ASSETCATALOG_COMPILER_GLOBAL_ACCENT_COLOR_NAME = AccentColor;
				CLANG_ENABLE_MODULES = YES;
				CODE_SIGN_ENTITLEMENTS = MakeItRain/MakeItRain.entitlements;
				CODE_SIGN_STYLE = Automatic;
				CURRENT_PROJECT_VERSION = 1;
				DEAD_CODE_STRIPPING = YES;
				DEVELOPMENT_ASSET_PATHS = "\"MakeItRain/Preview Content\"";
				DEVELOPMENT_TEAM = N83B9B3ZN6;
				ENABLE_HARDENED_RUNTIME = YES;
				ENABLE_PREVIEWS = YES;
				GENERATE_INFOPLIST_FILE = YES;
				INFOPLIST_FILE = MakeItRain/Info.plist;
				INFOPLIST_KEY_LSApplicationCategoryType = "public.app-category.finance";
				INFOPLIST_KEY_NSCameraUsageDescription = "Take photos for transactions";
				INFOPLIST_KEY_NSFaceIDUsageDescription = "Secure your transactions";
				INFOPLIST_KEY_NSPhotoLibraryUsageDescription = "Access photos to be able to upload pictures of receipts";
				"INFOPLIST_KEY_UIApplicationSceneManifest_Generation[sdk=iphoneos*]" = YES;
				"INFOPLIST_KEY_UIApplicationSceneManifest_Generation[sdk=iphonesimulator*]" = YES;
				"INFOPLIST_KEY_UIApplicationSupportsIndirectInputEvents[sdk=iphoneos*]" = YES;
				"INFOPLIST_KEY_UIApplicationSupportsIndirectInputEvents[sdk=iphonesimulator*]" = YES;
				"INFOPLIST_KEY_UILaunchScreen_Generation[sdk=iphoneos*]" = YES;
				"INFOPLIST_KEY_UILaunchScreen_Generation[sdk=iphonesimulator*]" = YES;
				"INFOPLIST_KEY_UIStatusBarStyle[sdk=iphoneos*]" = UIStatusBarStyleDefault;
				"INFOPLIST_KEY_UIStatusBarStyle[sdk=iphonesimulator*]" = UIStatusBarStyleDefault;
				INFOPLIST_KEY_UISupportedInterfaceOrientations = "UIInterfaceOrientationLandscapeLeft UIInterfaceOrientationLandscapeRight UIInterfaceOrientationPortrait UIInterfaceOrientationPortraitUpsideDown";
				IPHONEOS_DEPLOYMENT_TARGET = 18.0;
				LD_RUNPATH_SEARCH_PATHS = "@executable_path/Frameworks";
				"LD_RUNPATH_SEARCH_PATHS[sdk=macosx*]" = "@executable_path/../Frameworks";
				MACOSX_DEPLOYMENT_TARGET = 15.0;
				MARKETING_VERSION = 1.0;
				PRODUCT_BUNDLE_IDENTIFIER = com.codyburnett.MakeItRain;
				PRODUCT_NAME = "$(TARGET_NAME)";
				SDKROOT = auto;
				SUPPORTED_PLATFORMS = "iphoneos iphonesimulator macosx xros xrsimulator";
				SUPPORTS_MACCATALYST = NO;
				SWIFT_EMIT_LOC_STRINGS = YES;
				SWIFT_VERSION = 5.0;
				TARGETED_DEVICE_FAMILY = "1,2,7";
				XROS_DEPLOYMENT_TARGET = 2.0;
			};
			name = Release;
		};
		FD6D7EFD2D667CB60026D39D /* Debug */ = {
			isa = XCBuildConfiguration;
			buildSettings = {
				ASSETCATALOG_COMPILER_GLOBAL_ACCENT_COLOR_NAME = AccentColor;
				ASSETCATALOG_COMPILER_WIDGET_BACKGROUND_COLOR_NAME = WidgetBackground;
				CODE_SIGN_ENTITLEMENTS = DailyWidgetExtension.entitlements;
				CODE_SIGN_STYLE = Automatic;
				CURRENT_PROJECT_VERSION = 1;
				DEVELOPMENT_TEAM = N83B9B3ZN6;
				GENERATE_INFOPLIST_FILE = YES;
				INFOPLIST_FILE = DailyWidget/Info.plist;
				INFOPLIST_KEY_CFBundleDisplayName = DailyWidget;
				INFOPLIST_KEY_NSHumanReadableCopyright = "";
				IPHONEOS_DEPLOYMENT_TARGET = 18.0;
				LD_RUNPATH_SEARCH_PATHS = (
					"$(inherited)",
					"@executable_path/Frameworks",
					"@executable_path/../../Frameworks",
				);
				MARKETING_VERSION = 1.0;
				PRODUCT_BUNDLE_IDENTIFIER = com.codyburnett.MakeItRain.DailyWidget;
				PRODUCT_NAME = "$(TARGET_NAME)";
				SDKROOT = iphoneos;
				SKIP_INSTALL = YES;
				SWIFT_EMIT_LOC_STRINGS = YES;
				SWIFT_VERSION = 5.0;
				TARGETED_DEVICE_FAMILY = "1,2";
			};
			name = Debug;
		};
		FD6D7EFE2D667CB60026D39D /* Release */ = {
			isa = XCBuildConfiguration;
			buildSettings = {
				ASSETCATALOG_COMPILER_GLOBAL_ACCENT_COLOR_NAME = AccentColor;
				ASSETCATALOG_COMPILER_WIDGET_BACKGROUND_COLOR_NAME = WidgetBackground;
				CODE_SIGN_ENTITLEMENTS = DailyWidgetExtension.entitlements;
				CODE_SIGN_STYLE = Automatic;
				CURRENT_PROJECT_VERSION = 1;
				DEVELOPMENT_TEAM = N83B9B3ZN6;
				GENERATE_INFOPLIST_FILE = YES;
				INFOPLIST_FILE = DailyWidget/Info.plist;
				INFOPLIST_KEY_CFBundleDisplayName = DailyWidget;
				INFOPLIST_KEY_NSHumanReadableCopyright = "";
				IPHONEOS_DEPLOYMENT_TARGET = 18.0;
				LD_RUNPATH_SEARCH_PATHS = (
					"$(inherited)",
					"@executable_path/Frameworks",
					"@executable_path/../../Frameworks",
				);
				MARKETING_VERSION = 1.0;
				PRODUCT_BUNDLE_IDENTIFIER = com.codyburnett.MakeItRain.DailyWidget;
				PRODUCT_NAME = "$(TARGET_NAME)";
				SDKROOT = iphoneos;
				SKIP_INSTALL = YES;
				SWIFT_EMIT_LOC_STRINGS = YES;
				SWIFT_VERSION = 5.0;
				TARGETED_DEVICE_FAMILY = "1,2";
				VALIDATE_PRODUCT = YES;
			};
			name = Release;
		};
/* End XCBuildConfiguration section */

/* Begin XCConfigurationList section */
		FD292E092C9B248B003C18D2 /* Build configuration list for PBXProject "MakeItRain" */ = {
			isa = XCConfigurationList;
			buildConfigurations = (
				FD292E1B2C9B248C003C18D2 /* Debug */,
				FD292E1C2C9B248C003C18D2 /* Release */,
			);
			defaultConfigurationIsVisible = 0;
			defaultConfigurationName = Release;
		};
		FD292E1D2C9B248C003C18D2 /* Build configuration list for PBXNativeTarget "MakeItRain" */ = {
			isa = XCConfigurationList;
			buildConfigurations = (
				FD292E1E2C9B248C003C18D2 /* Debug */,
				FD292E1F2C9B248C003C18D2 /* Release */,
			);
			defaultConfigurationIsVisible = 0;
			defaultConfigurationName = Release;
		};
		FD6D7EFC2D667CB60026D39D /* Build configuration list for PBXNativeTarget "DailyWidgetExtension" */ = {
			isa = XCConfigurationList;
			buildConfigurations = (
				FD6D7EFD2D667CB60026D39D /* Debug */,
				FD6D7EFE2D667CB60026D39D /* Release */,
			);
			defaultConfigurationIsVisible = 0;
			defaultConfigurationName = Release;
		};
/* End XCConfigurationList section */

/* Begin XCRemoteSwiftPackageReference section */
		FD292E392C9B6318003C18D2 /* XCRemoteSwiftPackageReference "swift-algorithms" */ = {
			isa = XCRemoteSwiftPackageReference;
			repositoryURL = "https://github.com/apple/swift-algorithms.git";
			requirement = {
				kind = upToNextMajorVersion;
				minimumVersion = 1.2.0;
			};
		};
/* End XCRemoteSwiftPackageReference section */

/* Begin XCSwiftPackageProductDependency section */
		FD292E3A2C9B6318003C18D2 /* Algorithms */ = {
			isa = XCSwiftPackageProductDependency;
			package = FD292E392C9B6318003C18D2 /* XCRemoteSwiftPackageReference "swift-algorithms" */;
			productName = Algorithms;
		};
/* End XCSwiftPackageProductDependency section */

/* Begin XCVersionGroup section */
		FDA579372C9E6FA9004E9B60 /* PersistentModel.xcdatamodeld */ = {
			isa = XCVersionGroup;
			children = (
				FD8DFA7C2CFB8C100056EE39 /* PersistentModel2.xcdatamodel */,
			);
			currentVersion = FD8DFA7C2CFB8C100056EE39 /* PersistentModel2.xcdatamodel */;
			path = PersistentModel.xcdatamodeld;
			sourceTree = "<group>";
			versionGroupType = wrapper.xcdatamodel;
		};
/* End XCVersionGroup section */
	};
	rootObject = FD292E062C9B248B003C18D2 /* Project object */;
}
